// !$*UTF8*$!
{
	archiveVersion = 1;
	classes = {
	};
	objectVersion = 46;
	objects = {

/* Begin PBXBuildFile section */
		006D720419952D00008149E2 /* AVFoundation.framework in Frameworks */ = {isa = PBXBuildFile; fileRef = 006D720219952D00008149E2 /* AVFoundation.framework */; };
		006D720519952D00008149E2 /* CoreMedia.framework in Frameworks */ = {isa = PBXBuildFile; fileRef = 006D720319952D00008149E2 /* CoreMedia.framework */; };
		0091D8F90E81B9330029341E /* OpenGL.framework in Frameworks */ = {isa = PBXBuildFile; fileRef = 0091D8F80E81B9330029341E /* OpenGL.framework */; };
		00B784B30FF439BC000DE1D7 /* Accelerate.framework in Frameworks */ = {isa = PBXBuildFile; fileRef = 00B784AF0FF439BC000DE1D7 /* Accelerate.framework */; };
		00B784B40FF439BC000DE1D7 /* AudioToolbox.framework in Frameworks */ = {isa = PBXBuildFile; fileRef = 00B784B00FF439BC000DE1D7 /* AudioToolbox.framework */; };
		00B784B50FF439BC000DE1D7 /* AudioUnit.framework in Frameworks */ = {isa = PBXBuildFile; fileRef = 00B784B10FF439BC000DE1D7 /* AudioUnit.framework */; };
		00B784B60FF439BC000DE1D7 /* CoreAudio.framework in Frameworks */ = {isa = PBXBuildFile; fileRef = 00B784B20FF439BC000DE1D7 /* CoreAudio.framework */; };
		00B9955A1B128DF400A5C623 /* IOKit.framework in Frameworks */ = {isa = PBXBuildFile; fileRef = 00B995581B128DF400A5C623 /* IOKit.framework */; };
		00B9955B1B128DF400A5C623 /* IOSurface.framework in Frameworks */ = {isa = PBXBuildFile; fileRef = 00B995591B128DF400A5C623 /* IOSurface.framework */; };
		01B8F25C93A94CBC826787E8 /* Tile.cpp in Sources */ = {isa = PBXBuildFile; fileRef = E54756E7BDF344C985911308 /* Tile.cpp */; };
		05F2673D94B246BBAE9CFF01 /* ModuleVideo.cpp in Sources */ = {isa = PBXBuildFile; fileRef = 6E6CD4720E1149DA9D1C6592 /* ModuleVideo.cpp */; };
		0D376F0F3B4B4962A83C0533 /* Range.cpp in Sources */ = {isa = PBXBuildFile; fileRef = 860E4CBCDBB04C8286D164EC /* Range.cpp */; };
		179228F76AEB448BBB9E0CC5 /* BeatStepPro.cpp in Sources */ = {isa = PBXBuildFile; fileRef = 548F9ABAF76C41F99E9810E4 /* BeatStepPro.cpp */; };
		1877CEB8C9674B408DE94C5E /* Blur.cpp in Sources */ = {isa = PBXBuildFile; fileRef = DBD63A3A761847DFABC26181 /* Blur.cpp */; };
		1B5774B30F7C430E92ACD955 /* Output.cpp in Sources */ = {isa = PBXBuildFile; fileRef = 2EC1D3F2134648B3899707A4 /* Output.cpp */; };
		1B64EE0E3D814EB59C07D707 /* Mosher.cpp in Sources */ = {isa = PBXBuildFile; fileRef = 78B92A2C9F2943EF9BE8F860 /* Mosher.cpp */; };
		20C6ECD33A1A4CDD97CF3E99 /* Button.cpp in Sources */ = {isa = PBXBuildFile; fileRef = A9490366047E48239F99F159 /* Button.cpp */; };
		26CB8D1A6A5F49A0BA02A190 /* Spacer.cpp in Sources */ = {isa = PBXBuildFile; fileRef = 64657A64E1BD4627B2CEAF71 /* Spacer.cpp */; };
		2AD3DBB4880744DDBE2D1D56 /* Toggle.cpp in Sources */ = {isa = PBXBuildFile; fileRef = AEBE5AB1E8FF4E8B82BC4451 /* Toggle.cpp */; };
		2B0109B462364AB3A6C57CC0 /* ModuleBase.cpp in Sources */ = {isa = PBXBuildFile; fileRef = 9CDFF47E5AEB4F2A80AEB9B6 /* ModuleBase.cpp */; };
		2B85F8C8178041E193B3E63E /* WireCV.cpp in Sources */ = {isa = PBXBuildFile; fileRef = E4A5791003CD4BC6811EB9C6 /* WireCV.cpp */; };
		2D9D14C055AE42339E2D4FCA /* NanoKontrol.cpp in Sources */ = {isa = PBXBuildFile; fileRef = F3C7E44C1BEA45D8A113671A /* NanoKontrol.cpp */; };
		33A08EC6F610483B80A14453 /* CinderApp.icns in Resources */ = {isa = PBXBuildFile; fileRef = ACBF2C06B15C425E9EBD3C38 /* CinderApp.icns */; };
		33F1EB8678434B6AA25C8572 /* Crossfader.cpp in Sources */ = {isa = PBXBuildFile; fileRef = CC3A8A91501342EA837CC4D3 /* Crossfader.cpp */; };
		3468A5DA44444CA5B72B1045 /* View.cpp in Sources */ = {isa = PBXBuildFile; fileRef = E1E05843D58C430880F53F24 /* View.cpp */; };
		393995F406B549BB9C9BBAE8 /* XYPad.cpp in Sources */ = {isa = PBXBuildFile; fileRef = 184AA8ECB6034567A4F44FE2 /* XYPad.cpp */; };
		3BE94854230B4296910BA465 /* Matte.cpp in Sources */ = {isa = PBXBuildFile; fileRef = 7DB27BB7CEAB4A66B525E922 /* Matte.cpp */; };
		3DE5D67471C544A6B1D29EB4 /* SuperCanvas.cpp in Sources */ = {isa = PBXBuildFile; fileRef = D8890A9C35CF4E34830A8FE0 /* SuperCanvas.cpp */; };
		442B3B9D7A964511A156DDA5 /* WindowCanvas.cpp in Sources */ = {isa = PBXBuildFile; fileRef = 2D5B967AC6AA4ADF864F5D07 /* WindowCanvas.cpp */; };
		48906D28B9404D77968E90D6 /* Player.cpp in Sources */ = {isa = PBXBuildFile; fileRef = D949BDCA5D8B4C998A7C4945 /* Player.cpp */; };
		4B66AA550F3246E2828C5092 /* Globals.cpp in Sources */ = {isa = PBXBuildFile; fileRef = 4C7323634392467C8C2C455C /* Globals.cpp */; };
		4B7DDEC9D9F5466BBCC2CEE3 /* Radio.cpp in Sources */ = {isa = PBXBuildFile; fileRef = C5652BAC64594F1390016B7D /* Radio.cpp */; };
		4C9F5EBCE61E4C1E82DD0F3B /* Spliter.cpp in Sources */ = {isa = PBXBuildFile; fileRef = DC8D58D8B8C84FF78BCD3C47 /* Spliter.cpp */; };
		4D1213670DCC4444B4F839B7 /* Slider.cpp in Sources */ = {isa = PBXBuildFile; fileRef = 3C407129F69041EDBFF805F8 /* Slider.cpp */; };
		515D8A9860AA493B81672F62 /* MultiSlider.cpp in Sources */ = {isa = PBXBuildFile; fileRef = 54FA0EDA6A0541B89EDFD859 /* MultiSlider.cpp */; };
		5323E6B20EAFCA74003A9687 /* CoreVideo.framework in Frameworks */ = {isa = PBXBuildFile; fileRef = 5323E6B10EAFCA74003A9687 /* CoreVideo.framework */; };
		5E506F846C4B4E0EBA9F4B42 /* Responder.cpp in Sources */ = {isa = PBXBuildFile; fileRef = E461776E0B0444C7B274E2EF /* Responder.cpp */; };
		74144476ECB74D92A9F2F691 /* Fps.cpp in Sources */ = {isa = PBXBuildFile; fileRef = 60F504F21B1A4421891CF297 /* Fps.cpp */; };
		748A690F54CA4021B1067E65 /* CustomCC.cpp in Sources */ = {isa = PBXBuildFile; fileRef = BB8ED8D8E4374CC696A684D0 /* CustomCC.cpp */; };
		772C19712D7046BEB2B0EB40 /* Oscillator.cpp in Sources */ = {isa = PBXBuildFile; fileRef = 263764FF75A74B2C8947CD6B /* Oscillator.cpp */; };
		7B668A352E704836921E6B78 /* TintCorrector.cpp in Sources */ = {isa = PBXBuildFile; fileRef = 878775766D864FEDA38A8C24 /* TintCorrector.cpp */; };
		7C0A2F0F14A64BD89DB5F923 /* SyphonInput.cpp in Sources */ = {isa = PBXBuildFile; fileRef = 2EA7995FC0754C8BB0C62C70 /* SyphonInput.cpp */; };
		7C0D5CA00D5E4C56869EC48D /* NoteOnOff.cpp in Sources */ = {isa = PBXBuildFile; fileRef = 7A0AADB8EDD6495AAF7720F0 /* NoteOnOff.cpp */; };
		83105DF695F94C089A6AEB6F /* Freezer.cpp in Sources */ = {isa = PBXBuildFile; fileRef = 894F9730526D43C895EEEB7A /* Freezer.cpp */; };
		8330BC07C7A84D34B8425F37 /* Waveform.cpp in Sources */ = {isa = PBXBuildFile; fileRef = D61EA9BB85424471BA8753E9 /* Waveform.cpp */; };
		83743F632C8C4C19B6EE1790 /* TextInput.cpp in Sources */ = {isa = PBXBuildFile; fileRef = D1FC856B3996475A88DFEBDC /* TextInput.cpp */; };
		8869F78926FA2F4A001C7C04 /* Syphon.framework in Frameworks */ = {isa = PBXBuildFile; fileRef = 887D0B3526FA246F00E0F014 /* Syphon.framework */; };
		8869F78A26FA2F4A001C7C04 /* Syphon.framework in Embed Frameworks */ = {isa = PBXBuildFile; fileRef = 887D0B3526FA246F00E0F014 /* Syphon.framework */; settings = {ATTRIBUTES = (CodeSignOnCopy, RemoveHeadersOnCopy, ); }; };
		8869F78D26FA3275001C7C04 /* CoreMIDI.framework in Frameworks */ = {isa = PBXBuildFile; fileRef = 8869F78C26FA3275001C7C04 /* CoreMIDI.framework */; };
		8869F79D26FA3419001C7C04 /* RtMidi.cpp in Sources */ = {isa = PBXBuildFile; fileRef = 8869F79026FA3419001C7C04 /* RtMidi.cpp */; };
		8869F79E26FA3419001C7C04 /* MidiMessage.cpp in Sources */ = {isa = PBXBuildFile; fileRef = 8869F79626FA3419001C7C04 /* MidiMessage.cpp */; };
		8869F79F26FA3419001C7C04 /* MidiOut.cpp in Sources */ = {isa = PBXBuildFile; fileRef = 8869F79926FA3419001C7C04 /* MidiOut.cpp */; };
		8869F7A026FA3419001C7C04 /* MidiHub.cpp in Sources */ = {isa = PBXBuildFile; fileRef = 8869F79A26FA3419001C7C04 /* MidiHub.cpp */; };
		8869F7A126FA3419001C7C04 /* MidiIn.cpp in Sources */ = {isa = PBXBuildFile; fileRef = 8869F79C26FA3419001C7C04 /* MidiIn.cpp */; };
		887D0B4126FA246F00E0F014 /* SyphonNameboundClient.m in Sources */ = {isa = PBXBuildFile; fileRef = 887D0B3626FA246F00E0F014 /* SyphonNameboundClient.m */; };
		887D0B4226FA246F00E0F014 /* syphonServer.mm in Sources */ = {isa = PBXBuildFile; fileRef = 887D0B3A26FA246F00E0F014 /* syphonServer.mm */; };
		887D0B4326FA246F00E0F014 /* syphonServerDirectory.mm in Sources */ = {isa = PBXBuildFile; fileRef = 887D0B3C26FA246F00E0F014 /* syphonServerDirectory.mm */; };
		887D0B4426FA246F00E0F014 /* syphonClient.mm in Sources */ = {isa = PBXBuildFile; fileRef = 887D0B3D26FA246F00E0F014 /* syphonClient.mm */; };
		89A4610944204EE4A4F7F41D /* Graph.cpp in Sources */ = {isa = PBXBuildFile; fileRef = 66E67770E3ED49D8A88C3160 /* Graph.cpp */; };
		8AB5894FBA16447DB6CA5986 /* BSplineEditor.cpp in Sources */ = {isa = PBXBuildFile; fileRef = 749F9E4A222746CEA01A278A /* BSplineEditor.cpp */; };
		8BD419C442EB40E4986D304E /* TextureView.cpp in Sources */ = {isa = PBXBuildFile; fileRef = F54F76DCAA704B4D94BA035C /* TextureView.cpp */; };
		8D11072F0486CEB800E47090 /* Cocoa.framework in Frameworks */ = {isa = PBXBuildFile; fileRef = 1058C7A1FEA54F0111CA2CBB /* Cocoa.framework */; };
		90F4A04457D7424BA8534D05 /* Orage.cpp in Sources */ = {isa = PBXBuildFile; fileRef = FCFBBD3345064118A0D2AC10 /* Orage.cpp */; };
		93AA966B47EC49E0A6891F0C /* Dialer.cpp in Sources */ = {isa = PBXBuildFile; fileRef = 0968BABE137F43BC8CB916BD /* Dialer.cpp */; };
		98F0939424CA412785D51467 /* Kaleidoscope.cpp in Sources */ = {isa = PBXBuildFile; fileRef = B25004E6219B4F25A05E52DA /* Kaleidoscope.cpp */; };
		9B3F26C6F9274312AE2437BA /* Wire.cpp in Sources */ = {isa = PBXBuildFile; fileRef = C602282E5F12471D8623CD55 /* Wire.cpp */; };
		9D39D95CE960474685CB1C0F /* QuaternionOrderer.cpp in Sources */ = {isa = PBXBuildFile; fileRef = D7EB7AF2CB304FC0A91112AA /* QuaternionOrderer.cpp */; };
		9EC32173AA6145299B74140A /* Cloud.cpp in Sources */ = {isa = PBXBuildFile; fileRef = 8849DDF5A8B54E568B424A03 /* Cloud.cpp */; };
		A0D9DC8324D64BB4B6BDFE38 /* ControlWithLabel.cpp in Sources */ = {isa = PBXBuildFile; fileRef = D99F350C3BD1436F8D4E961D /* ControlWithLabel.cpp */; };
		AD4958691E7144809695E61A /* Label.cpp in Sources */ = {isa = PBXBuildFile; fileRef = 05C242D9E5594E48A0B78AF0 /* Label.cpp */; };
		B07E1CDD221543B1A9B5B85A /* Resize.cpp in Sources */ = {isa = PBXBuildFile; fileRef = C8DD52ADE0FB435BBB6AEC0E /* Resize.cpp */; };
		B399902FC4E84191A8B0CD15 /* Envelope.cpp in Sources */ = {isa = PBXBuildFile; fileRef = D84C0F9BD0684C85A088CCEC /* Envelope.cpp */; };
		B5499E11C9214FDAB6FBA490 /* ProcessCV.cpp in Sources */ = {isa = PBXBuildFile; fileRef = 5FD6D939F2814CADA59357CB /* ProcessCV.cpp */; };
		BA1FF988F508458099894D71 /* Colors.cpp in Sources */ = {isa = PBXBuildFile; fileRef = 6AD025495D054AC69C3011CB /* Colors.cpp */; };
		C317F9FA48F74ED0A99820CE /* Plotter.cpp in Sources */ = {isa = PBXBuildFile; fileRef = 72DE86A1A2894A059FABD805 /* Plotter.cpp */; };
		C6EA399CA075472A996D6D5C /* Tools.cpp in Sources */ = {isa = PBXBuildFile; fileRef = 7CF51C554DF94BECBDC6B554 /* Tools.cpp */; };
		C84272DCDA174BBEBC8D194B /* Random.cpp in Sources */ = {isa = PBXBuildFile; fileRef = 2FBF7E8780094796B1E21221 /* Random.cpp */; };
		CC5FEF1E729242A4B4AACD91 /* ORAGEApp.cpp in Sources */ = {isa = PBXBuildFile; fileRef = 0B603ABF0C504A9097C040CD /* ORAGEApp.cpp */; };
		CCC9B9F1C4324B53B98BFD3B /* ColorAdjustement.cpp in Sources */ = {isa = PBXBuildFile; fileRef = A8B3F2AED477457487CCA070 /* ColorAdjustement.cpp */; };
		D3770529288F494FB9091993 /* Spectrum.cpp in Sources */ = {isa = PBXBuildFile; fileRef = 7971D122921941B88FE6D4BE /* Spectrum.cpp */; };
		D845AAD16237461198D1266B /* Hilbert.cpp in Sources */ = {isa = PBXBuildFile; fileRef = 049127C43DA84D2DBB439253 /* Hilbert.cpp */; };
		D9008C6386DA4AA68DACAACD /* Canvas.cpp in Sources */ = {isa = PBXBuildFile; fileRef = 659786853BDE4B8F97BC33E8 /* Canvas.cpp */; };
		DEED91B4AB774AC9B7597269 /* Lfos.cpp in Sources */ = {isa = PBXBuildFile; fileRef = 054E73EAF1DA468EB6B1FECE /* Lfos.cpp */; };
		F5B1337E2646428699C73E61 /* ColorPicker.cpp in Sources */ = {isa = PBXBuildFile; fileRef = 49963F63E4FF4DFFB586C64B /* ColorPicker.cpp */; };
		F79448B236C04D06B9255194 /* Wires.cpp in Sources */ = {isa = PBXBuildFile; fileRef = 8A4369F309274429BFAC4433 /* Wires.cpp */; };
		F8D198C3E3CA45DE9E444B92 /* Control.cpp in Sources */ = {isa = PBXBuildFile; fileRef = AC80AD99168D4C3B951EC311 /* Control.cpp */; };
		F921E65D4EDD4F648AA7CC24 /* Delay.cpp in Sources */ = {isa = PBXBuildFile; fileRef = 701DE0E12D8646818C136D1C /* Delay.cpp */; };
		FA54EC27ACB645609A8B627E /* SuperModule.cpp in Sources */ = {isa = PBXBuildFile; fileRef = A9CAF877669244E1933F54BB /* SuperModule.cpp */; };
/* End PBXBuildFile section */

/* Begin PBXCopyFilesBuildPhase section */
		8869F78B26FA2F4A001C7C04 /* Embed Frameworks */ = {
			isa = PBXCopyFilesBuildPhase;
			buildActionMask = 2147483647;
			dstPath = "";
			dstSubfolderSpec = 10;
			files = (
				8869F78A26FA2F4A001C7C04 /* Syphon.framework in Embed Frameworks */,
			);
			name = "Embed Frameworks";
			runOnlyForDeploymentPostprocessing = 0;
		};
/* End PBXCopyFilesBuildPhase section */

/* Begin PBXFileReference section */
		005CADA5E8424A9093FE940F /* Waveform.h */ = {isa = PBXFileReference; lastKnownFileType = sourcecode.c.h; name = Waveform.h; path = ../blocks/UI/src/Waveform.h; sourceTree = "<group>"; };
		006D720219952D00008149E2 /* AVFoundation.framework */ = {isa = PBXFileReference; lastKnownFileType = wrapper.framework; name = AVFoundation.framework; path = System/Library/Frameworks/AVFoundation.framework; sourceTree = SDKROOT; };
		006D720319952D00008149E2 /* CoreMedia.framework */ = {isa = PBXFileReference; lastKnownFileType = wrapper.framework; name = CoreMedia.framework; path = System/Library/Frameworks/CoreMedia.framework; sourceTree = SDKROOT; };
		0091D8F80E81B9330029341E /* OpenGL.framework */ = {isa = PBXFileReference; lastKnownFileType = wrapper.framework; name = OpenGL.framework; path = /System/Library/Frameworks/OpenGL.framework; sourceTree = "<absolute>"; };
		00B784AF0FF439BC000DE1D7 /* Accelerate.framework */ = {isa = PBXFileReference; lastKnownFileType = wrapper.framework; name = Accelerate.framework; path = System/Library/Frameworks/Accelerate.framework; sourceTree = SDKROOT; };
		00B784B00FF439BC000DE1D7 /* AudioToolbox.framework */ = {isa = PBXFileReference; lastKnownFileType = wrapper.framework; name = AudioToolbox.framework; path = System/Library/Frameworks/AudioToolbox.framework; sourceTree = SDKROOT; };
		00B784B10FF439BC000DE1D7 /* AudioUnit.framework */ = {isa = PBXFileReference; lastKnownFileType = wrapper.framework; name = AudioUnit.framework; path = System/Library/Frameworks/AudioUnit.framework; sourceTree = SDKROOT; };
		00B784B20FF439BC000DE1D7 /* CoreAudio.framework */ = {isa = PBXFileReference; lastKnownFileType = wrapper.framework; name = CoreAudio.framework; path = System/Library/Frameworks/CoreAudio.framework; sourceTree = SDKROOT; };
		00B995581B128DF400A5C623 /* IOKit.framework */ = {isa = PBXFileReference; lastKnownFileType = wrapper.framework; name = IOKit.framework; path = System/Library/Frameworks/IOKit.framework; sourceTree = SDKROOT; };
		00B995591B128DF400A5C623 /* IOSurface.framework */ = {isa = PBXFileReference; lastKnownFileType = wrapper.framework; name = IOSurface.framework; path = System/Library/Frameworks/IOSurface.framework; sourceTree = SDKROOT; };
		01A83ADBAA94401BB801ACAC /* ControlWithLabel.h */ = {isa = PBXFileReference; lastKnownFileType = sourcecode.c.h; name = ControlWithLabel.h; path = ../blocks/UI/src/ControlWithLabel.h; sourceTree = "<group>"; };
		01AB5D79DDBA4B1A91513CCB /* Tile.h */ = {isa = PBXFileReference; lastKnownFileType = sourcecode.c.h; name = Tile.h; path = ../blocks/ORAGE/src/Modules/Videos/Tile.h; sourceTree = "<group>"; };
		048222EE1ACD4E2981F71A14 /* Spectrum.h */ = {isa = PBXFileReference; lastKnownFileType = sourcecode.c.h; name = Spectrum.h; path = ../blocks/UI/src/Spectrum.h; sourceTree = "<group>"; };
		049127C43DA84D2DBB439253 /* Hilbert.cpp */ = {isa = PBXFileReference; lastKnownFileType = sourcecode.c.cpp; name = Hilbert.cpp; path = ../blocks/ORAGE/src/Modules/Videos/Hilbert.cpp; sourceTree = "<group>"; };
		054E73EAF1DA468EB6B1FECE /* Lfos.cpp */ = {isa = PBXFileReference; lastKnownFileType = sourcecode.c.cpp; name = Lfos.cpp; path = ../blocks/ORAGE/src/Modules/Controllers/Lfos.cpp; sourceTree = "<group>"; };
		05C242D9E5594E48A0B78AF0 /* Label.cpp */ = {isa = PBXFileReference; lastKnownFileType = sourcecode.c.cpp; name = Label.cpp; path = ../blocks/UI/src/Label.cpp; sourceTree = "<group>"; };
		06CC0939663F48E59987FDE0 /* Colors.h */ = {isa = PBXFileReference; lastKnownFileType = sourcecode.c.h; name = Colors.h; path = ../blocks/UI/src/Colors.h; sourceTree = "<group>"; };
		0784FFCA3802472C86255737 /* Resources.h */ = {isa = PBXFileReference; lastKnownFileType = sourcecode.c.h; name = Resources.h; path = ../include/Resources.h; sourceTree = "<group>"; };
		08BA545E7C2748739D73BC83 /* Player.h */ = {isa = PBXFileReference; lastKnownFileType = sourcecode.c.h; name = Player.h; path = ../blocks/ORAGE/src/Modules/Videos/Player.h; sourceTree = "<group>"; };
		0968BABE137F43BC8CB916BD /* Dialer.cpp */ = {isa = PBXFileReference; lastKnownFileType = sourcecode.c.cpp; name = Dialer.cpp; path = ../blocks/UI/src/Dialer.cpp; sourceTree = "<group>"; };
		0A44F8FCB69341FF8166DEF2 /* Spacer.h */ = {isa = PBXFileReference; lastKnownFileType = sourcecode.c.h; name = Spacer.h; path = ../blocks/UI/src/Spacer.h; sourceTree = "<group>"; };
		0AE74D7DB6F647278FCF21AA /* Helpers.h */ = {isa = PBXFileReference; lastKnownFileType = sourcecode.c.h; name = Helpers.h; path = ../blocks/UI/src/Helpers.h; sourceTree = "<group>"; };
		0B603ABF0C504A9097C040CD /* ORAGEApp.cpp */ = {isa = PBXFileReference; lastKnownFileType = sourcecode.cpp.cpp; name = ORAGEApp.cpp; path = ../src/ORAGEApp.cpp; sourceTree = "<group>"; };
		0D2644D49FCF4B58B93F0E42 /* Triggers.h */ = {isa = PBXFileReference; lastKnownFileType = sourcecode.c.h; name = Triggers.h; path = ../blocks/UI/src/Triggers.h; sourceTree = "<group>"; };
		0E6B3B18E0C946B684B6623F /* RenderData.h */ = {isa = PBXFileReference; lastKnownFileType = sourcecode.c.h; name = RenderData.h; path = ../blocks/UI/src/RenderData.h; sourceTree = "<group>"; };
		0F99B6BC87FD411C887F9EE8 /* ORAGE_Prefix.pch */ = {isa = PBXFileReference; lastKnownFileType = sourcecode.c.h; path = ORAGE_Prefix.pch; sourceTree = "<group>"; };
		1058C7A1FEA54F0111CA2CBB /* Cocoa.framework */ = {isa = PBXFileReference; lastKnownFileType = wrapper.framework; name = Cocoa.framework; path = /System/Library/Frameworks/Cocoa.framework; sourceTree = "<absolute>"; };
		1099B376A08148749C0F381A /* Canvas.h */ = {isa = PBXFileReference; lastKnownFileType = sourcecode.c.h; name = Canvas.h; path = ../blocks/UI/src/Canvas.h; sourceTree = "<group>"; };
		12B2AAA2F1444F6A9F9AB431 /* SuperCanvas.h */ = {isa = PBXFileReference; lastKnownFileType = sourcecode.c.h; name = SuperCanvas.h; path = ../blocks/UI/src/SuperCanvas.h; sourceTree = "<group>"; };
		1474A150087345B48B608778 /* Button.h */ = {isa = PBXFileReference; lastKnownFileType = sourcecode.c.h; name = Button.h; path = ../blocks/UI/src/Button.h; sourceTree = "<group>"; };
		184AA8ECB6034567A4F44FE2 /* XYPad.cpp */ = {isa = PBXFileReference; lastKnownFileType = sourcecode.c.cpp; name = XYPad.cpp; path = ../blocks/UI/src/XYPad.cpp; sourceTree = "<group>"; };
		19B5DC9970744028B37953B2 /* Range.h */ = {isa = PBXFileReference; lastKnownFileType = sourcecode.c.h; name = Range.h; path = ../blocks/UI/src/Range.h; sourceTree = "<group>"; };
		1ED72208F6C94134BF8EAC07 /* BeatStepPro.h */ = {isa = PBXFileReference; lastKnownFileType = sourcecode.c.h; name = BeatStepPro.h; path = ../blocks/ORAGE/src/Modules/Controllers/BeatStepPro.h; sourceTree = "<group>"; };
		22F493A2D86E433F9CDA02DD /* View.h */ = {isa = PBXFileReference; lastKnownFileType = sourcecode.c.h; name = View.h; path = ../blocks/UI/src/View.h; sourceTree = "<group>"; };
		2361C49C88A94DC596D09657 /* FontSizes.h */ = {isa = PBXFileReference; lastKnownFileType = sourcecode.c.h; name = FontSizes.h; path = ../blocks/UI/src/FontSizes.h; sourceTree = "<group>"; };
		263764FF75A74B2C8947CD6B /* Oscillator.cpp */ = {isa = PBXFileReference; lastKnownFileType = sourcecode.c.cpp; name = Oscillator.cpp; path = ../blocks/ORAGE/src/Modules/Videos/Oscillator.cpp; sourceTree = "<group>"; };
		26FD92D985F7426F9BB66D38 /* Padding.h */ = {isa = PBXFileReference; lastKnownFileType = sourcecode.c.h; name = Padding.h; path = ../blocks/UI/src/Padding.h; sourceTree = "<group>"; };
		29B97324FDCFA39411CA2CEA /* AppKit.framework */ = {isa = PBXFileReference; lastKnownFileType = wrapper.framework; name = AppKit.framework; path = /System/Library/Frameworks/AppKit.framework; sourceTree = "<absolute>"; };
		29B97325FDCFA39411CA2CEA /* Foundation.framework */ = {isa = PBXFileReference; lastKnownFileType = wrapper.framework; name = Foundation.framework; path = /System/Library/Frameworks/Foundation.framework; sourceTree = "<absolute>"; };
		2C82D3079689476D8C1693E1 /* CustomCC.h */ = {isa = PBXFileReference; lastKnownFileType = sourcecode.c.h; name = CustomCC.h; path = ../blocks/ORAGE/src/Modules/Controllers/CustomCC.h; sourceTree = "<group>"; };
		2D5B967AC6AA4ADF864F5D07 /* WindowCanvas.cpp */ = {isa = PBXFileReference; lastKnownFileType = sourcecode.c.cpp; name = WindowCanvas.cpp; path = ../blocks/UI/src/WindowCanvas.cpp; sourceTree = "<group>"; };
		2E70B40077DA4631BD3D2DF0 /* Directions.h */ = {isa = PBXFileReference; lastKnownFileType = sourcecode.c.h; name = Directions.h; path = ../blocks/UI/src/Directions.h; sourceTree = "<group>"; };
		2EA7995FC0754C8BB0C62C70 /* SyphonInput.cpp */ = {isa = PBXFileReference; lastKnownFileType = sourcecode.c.cpp; name = SyphonInput.cpp; path = ../blocks/ORAGE/src/Modules/Videos/SyphonInput.cpp; sourceTree = "<group>"; };
		2EC1D3F2134648B3899707A4 /* Output.cpp */ = {isa = PBXFileReference; lastKnownFileType = sourcecode.c.cpp; name = Output.cpp; path = ../blocks/ORAGE/src/Modules/Videos/Output.cpp; sourceTree = "<group>"; };
		2FBF7E8780094796B1E21221 /* Random.cpp */ = {isa = PBXFileReference; lastKnownFileType = sourcecode.c.cpp; name = Random.cpp; path = ../blocks/ORAGE/src/Modules/Controllers/Random.cpp; sourceTree = "<group>"; };
		32003D1ADC834CCAB6B19F00 /* Alignments.h */ = {isa = PBXFileReference; lastKnownFileType = sourcecode.c.h; name = Alignments.h; path = ../blocks/UI/src/Alignments.h; sourceTree = "<group>"; };
		3225DA0378F747C0AC66ACE0 /* Graph.h */ = {isa = PBXFileReference; lastKnownFileType = sourcecode.c.h; name = Graph.h; path = ../blocks/UI/src/Graph.h; sourceTree = "<group>"; };
		351BD065186A425D8B61BB85 /* Cloud.h */ = {isa = PBXFileReference; lastKnownFileType = sourcecode.c.h; name = Cloud.h; path = ../blocks/ORAGE/src/Modules/Videos/Cloud.h; sourceTree = "<group>"; };
		3B042DEB69134D40B6F48418 /* Resize.h */ = {isa = PBXFileReference; lastKnownFileType = sourcecode.c.h; name = Resize.h; path = ../blocks/ORAGE/src/Modules/Videos/Resize.h; sourceTree = "<group>"; };
		3B9ECC859DAD42D1A778FB9F /* Controls.h */ = {isa = PBXFileReference; lastKnownFileType = sourcecode.c.h; name = Controls.h; path = ../blocks/UI/src/Controls.h; sourceTree = "<group>"; };
		3BC8B2FB7EB44C5A9A1BE14E /* TextInput.h */ = {isa = PBXFileReference; lastKnownFileType = sourcecode.c.h; name = TextInput.h; path = ../blocks/UI/src/TextInput.h; sourceTree = "<group>"; };
		3C407129F69041EDBFF805F8 /* Slider.cpp */ = {isa = PBXFileReference; lastKnownFileType = sourcecode.c.cpp; name = Slider.cpp; path = ../blocks/UI/src/Slider.cpp; sourceTree = "<group>"; };
		3D0E7D2D4A204E9A8556ED5E /* TintCorrector.h */ = {isa = PBXFileReference; lastKnownFileType = sourcecode.c.h; name = TintCorrector.h; path = ../blocks/ORAGE/src/Modules/Videos/TintCorrector.h; sourceTree = "<group>"; };
		4005F14F533B403CA4C2EAD3 /* States.h */ = {isa = PBXFileReference; lastKnownFileType = sourcecode.c.h; name = States.h; path = ../blocks/UI/src/States.h; sourceTree = "<group>"; };
		4036D8058D2B4E2E8B50E93A /* WirePiano.h */ = {isa = PBXFileReference; lastKnownFileType = sourcecode.c.h; name = WirePiano.h; path = ../blocks/ORAGE/src/Wires/WirePiano.h; sourceTree = "<group>"; };
		40B6F7F6C4DB4CBA82D520A6 /* TextureView.h */ = {isa = PBXFileReference; lastKnownFileType = sourcecode.c.h; name = TextureView.h; path = ../blocks/UI/src/TextureView.h; sourceTree = "<group>"; };
		453BC1A1E08D40D2A257DF7D /* UI.h */ = {isa = PBXFileReference; lastKnownFileType = sourcecode.c.h; name = UI.h; path = ../blocks/UI/src/UI.h; sourceTree = "<group>"; };
		49963F63E4FF4DFFB586C64B /* ColorPicker.cpp */ = {isa = PBXFileReference; lastKnownFileType = sourcecode.c.cpp; name = ColorPicker.cpp; path = ../blocks/UI/src/ColorPicker.cpp; sourceTree = "<group>"; };
		49B2BE22D60E495BAA77EDAD /* Output.h */ = {isa = PBXFileReference; lastKnownFileType = sourcecode.c.h; name = Output.h; path = ../blocks/ORAGE/src/Modules/Videos/Output.h; sourceTree = "<group>"; };
		4BC786DFFA8E4E0B9C4A1184 /* Orage.h */ = {isa = PBXFileReference; lastKnownFileType = sourcecode.c.h; name = Orage.h; path = ../blocks/ORAGE/src/Orage.h; sourceTree = "<group>"; };
		4BE28E534F3846FC87D2672E /* Delay.h */ = {isa = PBXFileReference; lastKnownFileType = sourcecode.c.h; name = Delay.h; path = ../blocks/ORAGE/src/Modules/Videos/Delay.h; sourceTree = "<group>"; };
		4C7323634392467C8C2C455C /* Globals.cpp */ = {isa = PBXFileReference; lastKnownFileType = sourcecode.c.cpp; name = Globals.cpp; path = ../blocks/UI/src/Globals.cpp; sourceTree = "<group>"; };
		5323E6B10EAFCA74003A9687 /* CoreVideo.framework */ = {isa = PBXFileReference; lastKnownFileType = wrapper.framework; name = CoreVideo.framework; path = /System/Library/Frameworks/CoreVideo.framework; sourceTree = "<absolute>"; };
		548F9ABAF76C41F99E9810E4 /* BeatStepPro.cpp */ = {isa = PBXFileReference; lastKnownFileType = sourcecode.c.cpp; name = BeatStepPro.cpp; path = ../blocks/ORAGE/src/Modules/Controllers/BeatStepPro.cpp; sourceTree = "<group>"; };
		54FA0EDA6A0541B89EDFD859 /* MultiSlider.cpp */ = {isa = PBXFileReference; lastKnownFileType = sourcecode.c.cpp; name = MultiSlider.cpp; path = ../blocks/UI/src/MultiSlider.cpp; sourceTree = "<group>"; };
		5B1DF62CE7DF46EC93C542BC /* ModuleBase.h */ = {isa = PBXFileReference; lastKnownFileType = sourcecode.c.h; name = ModuleBase.h; path = ../blocks/ORAGE/src/Modules/Bases/ModuleBase.h; sourceTree = "<group>"; };
		5F4D592C1DD649FD8D357BA5 /* WireVideo.h */ = {isa = PBXFileReference; lastKnownFileType = sourcecode.c.h; name = WireVideo.h; path = ../blocks/ORAGE/src/Wires/WireVideo.h; sourceTree = "<group>"; };
		5FD6D939F2814CADA59357CB /* ProcessCV.cpp */ = {isa = PBXFileReference; lastKnownFileType = sourcecode.c.cpp; name = ProcessCV.cpp; path = ../blocks/ORAGE/src/Modules/Controllers/ProcessCV.cpp; sourceTree = "<group>"; };
		60F504F21B1A4421891CF297 /* Fps.cpp */ = {isa = PBXFileReference; lastKnownFileType = sourcecode.c.cpp; name = Fps.cpp; path = ../blocks/UI/src/Fps.cpp; sourceTree = "<group>"; };
		61058A79B5584A4E8AA4808B /* BSplineEditor.h */ = {isa = PBXFileReference; lastKnownFileType = sourcecode.c.h; name = BSplineEditor.h; path = ../blocks/UI/src/BSplineEditor.h; sourceTree = "<group>"; };
		6449FF32AF7F4C36B7EC07E1 /* Info.plist */ = {isa = PBXFileReference; lastKnownFileType = text.plist.xml; path = Info.plist; sourceTree = "<group>"; };
		64657A64E1BD4627B2CEAF71 /* Spacer.cpp */ = {isa = PBXFileReference; lastKnownFileType = sourcecode.c.cpp; name = Spacer.cpp; path = ../blocks/UI/src/Spacer.cpp; sourceTree = "<group>"; };
		659786853BDE4B8F97BC33E8 /* Canvas.cpp */ = {isa = PBXFileReference; lastKnownFileType = sourcecode.c.cpp; name = Canvas.cpp; path = ../blocks/UI/src/Canvas.cpp; sourceTree = "<group>"; };
		66E67770E3ED49D8A88C3160 /* Graph.cpp */ = {isa = PBXFileReference; lastKnownFileType = sourcecode.c.cpp; name = Graph.cpp; path = ../blocks/UI/src/Graph.cpp; sourceTree = "<group>"; };
		67665952549542548954110D /* WindowCanvas.h */ = {isa = PBXFileReference; lastKnownFileType = sourcecode.c.h; name = WindowCanvas.h; path = ../blocks/UI/src/WindowCanvas.h; sourceTree = "<group>"; };
		6AD025495D054AC69C3011CB /* Colors.cpp */ = {isa = PBXFileReference; lastKnownFileType = sourcecode.c.cpp; name = Colors.cpp; path = ../blocks/UI/src/Colors.cpp; sourceTree = "<group>"; };
		6E6CD4720E1149DA9D1C6592 /* ModuleVideo.cpp */ = {isa = PBXFileReference; lastKnownFileType = sourcecode.c.cpp; name = ModuleVideo.cpp; path = ../blocks/ORAGE/src/Modules/Bases/ModuleVideo.cpp; sourceTree = "<group>"; };
		701DE0E12D8646818C136D1C /* Delay.cpp */ = {isa = PBXFileReference; lastKnownFileType = sourcecode.c.cpp; name = Delay.cpp; path = ../blocks/ORAGE/src/Modules/Videos/Delay.cpp; sourceTree = "<group>"; };
		70F6BE2078C7433590D5BEDA /* Fps.h */ = {isa = PBXFileReference; lastKnownFileType = sourcecode.c.h; name = Fps.h; path = ../blocks/UI/src/Fps.h; sourceTree = "<group>"; };
		72DE86A1A2894A059FABD805 /* Plotter.cpp */ = {isa = PBXFileReference; lastKnownFileType = sourcecode.c.cpp; name = Plotter.cpp; path = ../blocks/UI/src/Plotter.cpp; sourceTree = "<group>"; };
		731D080DF7D346EBBF943084 /* Responder.h */ = {isa = PBXFileReference; lastKnownFileType = sourcecode.c.h; name = Responder.h; path = ../blocks/UI/src/Responder.h; sourceTree = "<group>"; };
		749F9E4A222746CEA01A278A /* BSplineEditor.cpp */ = {isa = PBXFileReference; lastKnownFileType = sourcecode.c.cpp; name = BSplineEditor.cpp; path = ../blocks/UI/src/BSplineEditor.cpp; sourceTree = "<group>"; };
		769B57AA4BEF411E86A6C232 /* Control.h */ = {isa = PBXFileReference; lastKnownFileType = sourcecode.c.h; name = Control.h; path = ../blocks/UI/src/Control.h; sourceTree = "<group>"; };
		78B92A2C9F2943EF9BE8F860 /* Mosher.cpp */ = {isa = PBXFileReference; lastKnownFileType = sourcecode.c.cpp; name = Mosher.cpp; path = ../blocks/ORAGE/src/Modules/Videos/Mosher.cpp; sourceTree = "<group>"; };
		78DD4D5350B3493AB1F7E091 /* Oscillator.h */ = {isa = PBXFileReference; lastKnownFileType = sourcecode.c.h; name = Oscillator.h; path = ../blocks/ORAGE/src/Modules/Videos/Oscillator.h; sourceTree = "<group>"; };
		7971D122921941B88FE6D4BE /* Spectrum.cpp */ = {isa = PBXFileReference; lastKnownFileType = sourcecode.c.cpp; name = Spectrum.cpp; path = ../blocks/UI/src/Spectrum.cpp; sourceTree = "<group>"; };
		7A0AADB8EDD6495AAF7720F0 /* NoteOnOff.cpp */ = {isa = PBXFileReference; lastKnownFileType = sourcecode.c.cpp; name = NoteOnOff.cpp; path = ../blocks/ORAGE/src/Modules/Controllers/NoteOnOff.cpp; sourceTree = "<group>"; };
		7C9C9D5A420F4EBB8C77D0C1 /* QuaternionOrderer.h */ = {isa = PBXFileReference; lastKnownFileType = sourcecode.c.h; name = QuaternionOrderer.h; path = ../blocks/UI/src/QuaternionOrderer.h; sourceTree = "<group>"; };
		7CF51C554DF94BECBDC6B554 /* Tools.cpp */ = {isa = PBXFileReference; lastKnownFileType = sourcecode.c.cpp; name = Tools.cpp; path = ../blocks/ORAGE/src/Tools.cpp; sourceTree = "<group>"; };
		7DB27BB7CEAB4A66B525E922 /* Matte.cpp */ = {isa = PBXFileReference; lastKnownFileType = sourcecode.c.cpp; name = Matte.cpp; path = ../blocks/ORAGE/src/Modules/Videos/Matte.cpp; sourceTree = "<group>"; };
		80F64CD9222A4CAFA533F34C /* Spliter.h */ = {isa = PBXFileReference; lastKnownFileType = sourcecode.c.h; name = Spliter.h; path = ../blocks/ORAGE/src/Modules/Videos/Spliter.h; sourceTree = "<group>"; };
		819D18D146B14BBDBF364456 /* Freezer.h */ = {isa = PBXFileReference; lastKnownFileType = sourcecode.c.h; name = Freezer.h; path = ../blocks/ORAGE/src/Modules/Videos/Freezer.h; sourceTree = "<group>"; };
		82A346FF81DE4DAD9C75282A /* Kaleidoscope.h */ = {isa = PBXFileReference; lastKnownFileType = sourcecode.c.h; name = Kaleidoscope.h; path = ../blocks/ORAGE/src/Modules/Videos/Kaleidoscope.h; sourceTree = "<group>"; };
		845EA63FFCDB47F9BBC9BF6F /* ProcessCV.h */ = {isa = PBXFileReference; lastKnownFileType = sourcecode.c.h; name = ProcessCV.h; path = ../blocks/ORAGE/src/Modules/Controllers/ProcessCV.h; sourceTree = "<group>"; };
		860E4CBCDBB04C8286D164EC /* Range.cpp */ = {isa = PBXFileReference; lastKnownFileType = sourcecode.c.cpp; name = Range.cpp; path = ../blocks/UI/src/Range.cpp; sourceTree = "<group>"; };
		868155B3209641DFAE124218 /* ColorPicker.h */ = {isa = PBXFileReference; lastKnownFileType = sourcecode.c.h; name = ColorPicker.h; path = ../blocks/UI/src/ColorPicker.h; sourceTree = "<group>"; };
		878775766D864FEDA38A8C24 /* TintCorrector.cpp */ = {isa = PBXFileReference; lastKnownFileType = sourcecode.c.cpp; name = TintCorrector.cpp; path = ../blocks/ORAGE/src/Modules/Videos/TintCorrector.cpp; sourceTree = "<group>"; };
		8849DDF5A8B54E568B424A03 /* Cloud.cpp */ = {isa = PBXFileReference; lastKnownFileType = sourcecode.c.cpp; name = Cloud.cpp; path = ../blocks/ORAGE/src/Modules/Videos/Cloud.cpp; sourceTree = "<group>"; };
		8869F78C26FA3275001C7C04 /* CoreMIDI.framework */ = {isa = PBXFileReference; lastKnownFileType = wrapper.framework; name = CoreMIDI.framework; path = System/Library/Frameworks/CoreMIDI.framework; sourceTree = SDKROOT; };
		8869F79026FA3419001C7C04 /* RtMidi.cpp */ = {isa = PBXFileReference; fileEncoding = 4; lastKnownFileType = sourcecode.cpp.cpp; path = RtMidi.cpp; sourceTree = "<group>"; };
		8869F79126FA3419001C7C04 /* MidiConstants.h */ = {isa = PBXFileReference; fileEncoding = 4; lastKnownFileType = sourcecode.c.h; path = MidiConstants.h; sourceTree = "<group>"; };
		8869F79226FA3419001C7C04 /* MidiExceptions.h */ = {isa = PBXFileReference; fileEncoding = 4; lastKnownFileType = sourcecode.c.h; path = MidiExceptions.h; sourceTree = "<group>"; };
		8869F79326FA3419001C7C04 /* MidiHeaders.h */ = {isa = PBXFileReference; fileEncoding = 4; lastKnownFileType = sourcecode.c.h; path = MidiHeaders.h; sourceTree = "<group>"; };
		8869F79426FA3419001C7C04 /* RtMidi.h */ = {isa = PBXFileReference; fileEncoding = 4; lastKnownFileType = sourcecode.c.h; path = RtMidi.h; sourceTree = "<group>"; };
		8869F79526FA3419001C7C04 /* MidiMessage.h */ = {isa = PBXFileReference; fileEncoding = 4; lastKnownFileType = sourcecode.c.h; path = MidiMessage.h; sourceTree = "<group>"; };
		8869F79626FA3419001C7C04 /* MidiMessage.cpp */ = {isa = PBXFileReference; fileEncoding = 4; lastKnownFileType = sourcecode.cpp.cpp; path = MidiMessage.cpp; sourceTree = "<group>"; };
		8869F79726FA3419001C7C04 /* MidiHub.h */ = {isa = PBXFileReference; fileEncoding = 4; lastKnownFileType = sourcecode.c.h; path = MidiHub.h; sourceTree = "<group>"; };
		8869F79826FA3419001C7C04 /* MidiOut.h */ = {isa = PBXFileReference; fileEncoding = 4; lastKnownFileType = sourcecode.c.h; path = MidiOut.h; sourceTree = "<group>"; };
		8869F79926FA3419001C7C04 /* MidiOut.cpp */ = {isa = PBXFileReference; fileEncoding = 4; lastKnownFileType = sourcecode.cpp.cpp; path = MidiOut.cpp; sourceTree = "<group>"; };
		8869F79A26FA3419001C7C04 /* MidiHub.cpp */ = {isa = PBXFileReference; fileEncoding = 4; lastKnownFileType = sourcecode.cpp.cpp; path = MidiHub.cpp; sourceTree = "<group>"; };
		8869F79B26FA3419001C7C04 /* MidiIn.h */ = {isa = PBXFileReference; fileEncoding = 4; lastKnownFileType = sourcecode.c.h; path = MidiIn.h; sourceTree = "<group>"; };
		8869F79C26FA3419001C7C04 /* MidiIn.cpp */ = {isa = PBXFileReference; fileEncoding = 4; lastKnownFileType = sourcecode.cpp.cpp; path = MidiIn.cpp; sourceTree = "<group>"; };
		887D0B3226FA23EE00E0F014 /* Random.h */ = {isa = PBXFileReference; lastKnownFileType = sourcecode.c.h; name = Random.h; path = ../blocks/ORAGE/src/Modules/Controllers/Random.h; sourceTree = "<group>"; };
		887D0B3526FA246F00E0F014 /* Syphon.framework */ = {isa = PBXFileReference; lastKnownFileType = wrapper.framework; path = Syphon.framework; sourceTree = "<group>"; };
		887D0B3626FA246F00E0F014 /* SyphonNameboundClient.m */ = {isa = PBXFileReference; fileEncoding = 4; lastKnownFileType = sourcecode.c.objc; path = SyphonNameboundClient.m; sourceTree = "<group>"; };
		887D0B3726FA246F00E0F014 /* SyphonNameboundClient.h */ = {isa = PBXFileReference; fileEncoding = 4; lastKnownFileType = sourcecode.c.h; path = SyphonNameboundClient.h; sourceTree = "<group>"; };
		887D0B3926FA246F00E0F014 /* cinderSyphon.h */ = {isa = PBXFileReference; fileEncoding = 4; lastKnownFileType = sourcecode.c.h; path = cinderSyphon.h; sourceTree = "<group>"; };
		887D0B3A26FA246F00E0F014 /* syphonServer.mm */ = {isa = PBXFileReference; fileEncoding = 4; lastKnownFileType = sourcecode.cpp.objcpp; path = syphonServer.mm; sourceTree = "<group>"; };
		887D0B3B26FA246F00E0F014 /* syphonClient.h */ = {isa = PBXFileReference; fileEncoding = 4; lastKnownFileType = sourcecode.c.h; path = syphonClient.h; sourceTree = "<group>"; };
		887D0B3C26FA246F00E0F014 /* syphonServerDirectory.mm */ = {isa = PBXFileReference; fileEncoding = 4; lastKnownFileType = sourcecode.cpp.objcpp; path = syphonServerDirectory.mm; sourceTree = "<group>"; };
		887D0B3D26FA246F00E0F014 /* syphonClient.mm */ = {isa = PBXFileReference; fileEncoding = 4; lastKnownFileType = sourcecode.cpp.objcpp; path = syphonClient.mm; sourceTree = "<group>"; };
		887D0B3E26FA246F00E0F014 /* syphonServerDirectory.h */ = {isa = PBXFileReference; fileEncoding = 4; lastKnownFileType = sourcecode.c.h; path = syphonServerDirectory.h; sourceTree = "<group>"; };
		887D0B3F26FA246F00E0F014 /* syphonServer.h */ = {isa = PBXFileReference; fileEncoding = 4; lastKnownFileType = sourcecode.c.h; path = syphonServer.h; sourceTree = "<group>"; };
		887D0B7C26FA2A1B00E0F014 /* Syphon */ = {isa = PBXFileReference; lastKnownFileType = "compiled.mach-o.dylib"; name = Syphon; path = ../blocks/Syphon/lib/Syphon.framework/Syphon; sourceTree = "<group>"; };
		894F9730526D43C895EEEB7A /* Freezer.cpp */ = {isa = PBXFileReference; lastKnownFileType = sourcecode.c.cpp; name = Freezer.cpp; path = ../blocks/ORAGE/src/Modules/Videos/Freezer.cpp; sourceTree = "<group>"; };
		8A4369F309274429BFAC4433 /* Wires.cpp */ = {isa = PBXFileReference; lastKnownFileType = sourcecode.c.cpp; name = Wires.cpp; path = ../blocks/ORAGE/src/Wires/Wires.cpp; sourceTree = "<group>"; };
		8D1107320486CEB800E47090 /* ORAGE.app */ = {isa = PBXFileReference; explicitFileType = wrapper.application; includeInIndex = 0; path = ORAGE.app; sourceTree = BUILT_PRODUCTS_DIR; };
		908EED2E3A8848ADB4AA874A /* Crossfader.h */ = {isa = PBXFileReference; lastKnownFileType = sourcecode.c.h; name = Crossfader.h; path = ../blocks/ORAGE/src/Modules/Videos/Crossfader.h; sourceTree = "<group>"; };
		966C450901E44E4C8EFB54BF /* ModuleVideo.h */ = {isa = PBXFileReference; lastKnownFileType = sourcecode.c.h; name = ModuleVideo.h; path = ../blocks/ORAGE/src/Modules/Bases/ModuleVideo.h; sourceTree = "<group>"; };
		97ADD6D5FF3B4E8BA6329731 /* SyphonInput.h */ = {isa = PBXFileReference; lastKnownFileType = sourcecode.c.h; name = SyphonInput.h; path = ../blocks/ORAGE/src/Modules/Videos/SyphonInput.h; sourceTree = "<group>"; };
		9CDFF47E5AEB4F2A80AEB9B6 /* ModuleBase.cpp */ = {isa = PBXFileReference; lastKnownFileType = sourcecode.c.cpp; name = ModuleBase.cpp; path = ../blocks/ORAGE/src/Modules/Bases/ModuleBase.cpp; sourceTree = "<group>"; };
		A7F256D1CA0A4A38B026CDB5 /* CocoaWindowCanvas.h */ = {isa = PBXFileReference; lastKnownFileType = sourcecode.c.h; name = CocoaWindowCanvas.h; path = ../blocks/UI/src/CocoaWindowCanvas.h; sourceTree = "<group>"; };
		A8B3F2AED477457487CCA070 /* ColorAdjustement.cpp */ = {isa = PBXFileReference; lastKnownFileType = sourcecode.c.cpp; name = ColorAdjustement.cpp; path = ../blocks/ORAGE/src/Modules/Videos/ColorAdjustement.cpp; sourceTree = "<group>"; };
		A9490366047E48239F99F159 /* Button.cpp */ = {isa = PBXFileReference; lastKnownFileType = sourcecode.c.cpp; name = Button.cpp; path = ../blocks/UI/src/Button.cpp; sourceTree = "<group>"; };
		A9CAF877669244E1933F54BB /* SuperModule.cpp */ = {isa = PBXFileReference; lastKnownFileType = sourcecode.c.cpp; name = SuperModule.cpp; path = ../blocks/ORAGE/src/Modules/SuperModule.cpp; sourceTree = "<group>"; };
		A9CB9E6C01594B68BF0378B0 /* Wires.h */ = {isa = PBXFileReference; lastKnownFileType = sourcecode.c.h; name = Wires.h; path = ../blocks/ORAGE/src/Wires/Wires.h; sourceTree = "<group>"; };
		AAEF9D9F1C294C77825DA780 /* Hilbert.h */ = {isa = PBXFileReference; lastKnownFileType = sourcecode.c.h; name = Hilbert.h; path = ../blocks/ORAGE/src/Modules/Videos/Hilbert.h; sourceTree = "<group>"; };
		AC80AD99168D4C3B951EC311 /* Control.cpp */ = {isa = PBXFileReference; lastKnownFileType = sourcecode.c.cpp; name = Control.cpp; path = ../blocks/UI/src/Control.cpp; sourceTree = "<group>"; };
		ACBF2C06B15C425E9EBD3C38 /* CinderApp.icns */ = {isa = PBXFileReference; lastKnownFileType = image.icns; name = CinderApp.icns; path = ../resources/CinderApp.icns; sourceTree = "<group>"; };
		AEBE5AB1E8FF4E8B82BC4451 /* Toggle.cpp */ = {isa = PBXFileReference; lastKnownFileType = sourcecode.c.cpp; name = Toggle.cpp; path = ../blocks/UI/src/Toggle.cpp; sourceTree = "<group>"; };
		B1230B3F1CA7423BA65FAF4D /* NoteOnOff.h */ = {isa = PBXFileReference; lastKnownFileType = sourcecode.c.h; name = NoteOnOff.h; path = ../blocks/ORAGE/src/Modules/Controllers/NoteOnOff.h; sourceTree = "<group>"; };
		B25004E6219B4F25A05E52DA /* Kaleidoscope.cpp */ = {isa = PBXFileReference; lastKnownFileType = sourcecode.c.cpp; name = Kaleidoscope.cpp; path = ../blocks/ORAGE/src/Modules/Videos/Kaleidoscope.cpp; sourceTree = "<group>"; };
		BA48D8A9743545C187826436 /* Label.h */ = {isa = PBXFileReference; lastKnownFileType = sourcecode.c.h; name = Label.h; path = ../blocks/UI/src/Label.h; sourceTree = "<group>"; };
		BB8ED8D8E4374CC696A684D0 /* CustomCC.cpp */ = {isa = PBXFileReference; lastKnownFileType = sourcecode.c.cpp; name = CustomCC.cpp; path = ../blocks/ORAGE/src/Modules/Controllers/CustomCC.cpp; sourceTree = "<group>"; };
		BF7A106DEAC240B2A3888378 /* WireCV.h */ = {isa = PBXFileReference; lastKnownFileType = sourcecode.c.h; name = WireCV.h; path = ../blocks/ORAGE/src/Wires/WireCV.h; sourceTree = "<group>"; };
		C16B0A5BE5B347DEA0749FF2 /* Mosher.h */ = {isa = PBXFileReference; lastKnownFileType = sourcecode.c.h; name = Mosher.h; path = ../blocks/ORAGE/src/Modules/Videos/Mosher.h; sourceTree = "<group>"; };
		C5652BAC64594F1390016B7D /* Radio.cpp */ = {isa = PBXFileReference; lastKnownFileType = sourcecode.c.cpp; name = Radio.cpp; path = ../blocks/UI/src/Radio.cpp; sourceTree = "<group>"; };
		C602282E5F12471D8623CD55 /* Wire.cpp */ = {isa = PBXFileReference; lastKnownFileType = sourcecode.c.cpp; name = Wire.cpp; path = ../blocks/ORAGE/src/Wires/Wire.cpp; sourceTree = "<group>"; };
		C71738A5B93F435DBC7867BE /* Slider.h */ = {isa = PBXFileReference; lastKnownFileType = sourcecode.c.h; name = Slider.h; path = ../blocks/UI/src/Slider.h; sourceTree = "<group>"; };
		C8DD52ADE0FB435BBB6AEC0E /* Resize.cpp */ = {isa = PBXFileReference; lastKnownFileType = sourcecode.c.cpp; name = Resize.cpp; path = ../blocks/ORAGE/src/Modules/Videos/Resize.cpp; sourceTree = "<group>"; };
		CC3A8A91501342EA837CC4D3 /* Crossfader.cpp */ = {isa = PBXFileReference; lastKnownFileType = sourcecode.c.cpp; name = Crossfader.cpp; path = ../blocks/ORAGE/src/Modules/Videos/Crossfader.cpp; sourceTree = "<group>"; };
		CFFBA62FF66C4B8AA0E3FE11 /* Blur.h */ = {isa = PBXFileReference; lastKnownFileType = sourcecode.c.h; name = Blur.h; path = ../blocks/ORAGE/src/Modules/Videos/Blur.h; sourceTree = "<group>"; };
		D08991A3868F460CBEE3CAAE /* Tools.h */ = {isa = PBXFileReference; lastKnownFileType = sourcecode.c.h; name = Tools.h; path = ../blocks/ORAGE/src/Tools.h; sourceTree = "<group>"; };
		D1FC856B3996475A88DFEBDC /* TextInput.cpp */ = {isa = PBXFileReference; lastKnownFileType = sourcecode.c.cpp; name = TextInput.cpp; path = ../blocks/UI/src/TextInput.cpp; sourceTree = "<group>"; };
		D4DA4DA454B1482B8D142159 /* Plotter.h */ = {isa = PBXFileReference; lastKnownFileType = sourcecode.c.h; name = Plotter.h; path = ../blocks/UI/src/Plotter.h; sourceTree = "<group>"; };
		D61EA9BB85424471BA8753E9 /* Waveform.cpp */ = {isa = PBXFileReference; lastKnownFileType = sourcecode.c.cpp; name = Waveform.cpp; path = ../blocks/UI/src/Waveform.cpp; sourceTree = "<group>"; };
		D7D90E2C67BC4329AF97FFBE /* Lfos.h */ = {isa = PBXFileReference; lastKnownFileType = sourcecode.c.h; name = Lfos.h; path = ../blocks/ORAGE/src/Modules/Controllers/Lfos.h; sourceTree = "<group>"; };
		D7DA0E7CE48F4398AB7E3C79 /* NanoKontrol.h */ = {isa = PBXFileReference; lastKnownFileType = sourcecode.c.h; name = NanoKontrol.h; path = ../blocks/ORAGE/src/Modules/Controllers/NanoKontrol.h; sourceTree = "<group>"; };
		D7EB7AF2CB304FC0A91112AA /* QuaternionOrderer.cpp */ = {isa = PBXFileReference; lastKnownFileType = sourcecode.c.cpp; name = QuaternionOrderer.cpp; path = ../blocks/UI/src/QuaternionOrderer.cpp; sourceTree = "<group>"; };
		D84C0F9BD0684C85A088CCEC /* Envelope.cpp */ = {isa = PBXFileReference; lastKnownFileType = sourcecode.c.cpp; name = Envelope.cpp; path = ../blocks/UI/src/Envelope.cpp; sourceTree = "<group>"; };
		D8890A9C35CF4E34830A8FE0 /* SuperCanvas.cpp */ = {isa = PBXFileReference; lastKnownFileType = sourcecode.c.cpp; name = SuperCanvas.cpp; path = ../blocks/UI/src/SuperCanvas.cpp; sourceTree = "<group>"; };
		D949BDCA5D8B4C998A7C4945 /* Player.cpp */ = {isa = PBXFileReference; lastKnownFileType = sourcecode.c.cpp; name = Player.cpp; path = ../blocks/ORAGE/src/Modules/Videos/Player.cpp; sourceTree = "<group>"; };
		D99F350C3BD1436F8D4E961D /* ControlWithLabel.cpp */ = {isa = PBXFileReference; lastKnownFileType = sourcecode.c.cpp; name = ControlWithLabel.cpp; path = ../blocks/UI/src/ControlWithLabel.cpp; sourceTree = "<group>"; };
		DBD63A3A761847DFABC26181 /* Blur.cpp */ = {isa = PBXFileReference; lastKnownFileType = sourcecode.c.cpp; name = Blur.cpp; path = ../blocks/ORAGE/src/Modules/Videos/Blur.cpp; sourceTree = "<group>"; };
		DC8D58D8B8C84FF78BCD3C47 /* Spliter.cpp */ = {isa = PBXFileReference; lastKnownFileType = sourcecode.c.cpp; name = Spliter.cpp; path = ../blocks/ORAGE/src/Modules/Videos/Spliter.cpp; sourceTree = "<group>"; };
		E1E05843D58C430880F53F24 /* View.cpp */ = {isa = PBXFileReference; lastKnownFileType = sourcecode.c.cpp; name = View.cpp; path = ../blocks/UI/src/View.cpp; sourceTree = "<group>"; };
		E30E4154F48848DFA1DEC539 /* Radio.h */ = {isa = PBXFileReference; lastKnownFileType = sourcecode.c.h; name = Radio.h; path = ../blocks/UI/src/Radio.h; sourceTree = "<group>"; };
		E461776E0B0444C7B274E2EF /* Responder.cpp */ = {isa = PBXFileReference; lastKnownFileType = sourcecode.c.cpp; name = Responder.cpp; path = ../blocks/UI/src/Responder.cpp; sourceTree = "<group>"; };
		E4665020EA164003AA8E7C29 /* Envelope.h */ = {isa = PBXFileReference; lastKnownFileType = sourcecode.c.h; name = Envelope.h; path = ../blocks/UI/src/Envelope.h; sourceTree = "<group>"; };
		E4A5791003CD4BC6811EB9C6 /* WireCV.cpp */ = {isa = PBXFileReference; lastKnownFileType = sourcecode.c.cpp; name = WireCV.cpp; path = ../blocks/ORAGE/src/Wires/WireCV.cpp; sourceTree = "<group>"; };
		E54756E7BDF344C985911308 /* Tile.cpp */ = {isa = PBXFileReference; lastKnownFileType = sourcecode.c.cpp; name = Tile.cpp; path = ../blocks/ORAGE/src/Modules/Videos/Tile.cpp; sourceTree = "<group>"; };
		E638F2AD640F49E0956C1393 /* Dialer.h */ = {isa = PBXFileReference; lastKnownFileType = sourcecode.c.h; name = Dialer.h; path = ../blocks/UI/src/Dialer.h; sourceTree = "<group>"; };
		E8E47C7C075B411F85E152E7 /* Toggle.h */ = {isa = PBXFileReference; lastKnownFileType = sourcecode.c.h; name = Toggle.h; path = ../blocks/UI/src/Toggle.h; sourceTree = "<group>"; };
		EB0CF2DCE6284B2B8F0590C0 /* ColorAdjustement.h */ = {isa = PBXFileReference; lastKnownFileType = sourcecode.c.h; name = ColorAdjustement.h; path = ../blocks/ORAGE/src/Modules/Videos/ColorAdjustement.h; sourceTree = "<group>"; };
		ED721BD68C00466B9630E5BF /* MultiSlider.h */ = {isa = PBXFileReference; lastKnownFileType = sourcecode.c.h; name = MultiSlider.h; path = ../blocks/UI/src/MultiSlider.h; sourceTree = "<group>"; };
		EDD43A5F22304AD48324E31D /* Wire.h */ = {isa = PBXFileReference; lastKnownFileType = sourcecode.c.h; name = Wire.h; path = ../blocks/ORAGE/src/Wires/Wire.h; sourceTree = "<group>"; };
		EFC9F5E17551421FB190E1B9 /* Matte.h */ = {isa = PBXFileReference; lastKnownFileType = sourcecode.c.h; name = Matte.h; path = ../blocks/ORAGE/src/Modules/Videos/Matte.h; sourceTree = "<group>"; };
		F3C7E44C1BEA45D8A113671A /* NanoKontrol.cpp */ = {isa = PBXFileReference; lastKnownFileType = sourcecode.c.cpp; name = NanoKontrol.cpp; path = ../blocks/ORAGE/src/Modules/Controllers/NanoKontrol.cpp; sourceTree = "<group>"; };
		F54F76DCAA704B4D94BA035C /* TextureView.cpp */ = {isa = PBXFileReference; lastKnownFileType = sourcecode.c.cpp; name = TextureView.cpp; path = ../blocks/UI/src/TextureView.cpp; sourceTree = "<group>"; };
		F7AA5DACE1484F45B856CBB8 /* SuperModule.h */ = {isa = PBXFileReference; lastKnownFileType = sourcecode.c.h; name = SuperModule.h; path = ../blocks/ORAGE/src/Modules/SuperModule.h; sourceTree = "<group>"; };
		F9F3BF1EAE1046F7AF6FACF9 /* XYPad.h */ = {isa = PBXFileReference; lastKnownFileType = sourcecode.c.h; name = XYPad.h; path = ../blocks/UI/src/XYPad.h; sourceTree = "<group>"; };
		FC0FD7B7ADD44FEDBC364D50 /* Globals.h */ = {isa = PBXFileReference; lastKnownFileType = sourcecode.c.h; name = Globals.h; path = ../blocks/UI/src/Globals.h; sourceTree = "<group>"; };
		FCFBBD3345064118A0D2AC10 /* Orage.cpp */ = {isa = PBXFileReference; lastKnownFileType = sourcecode.c.cpp; name = Orage.cpp; path = ../blocks/ORAGE/src/Orage.cpp; sourceTree = "<group>"; };
/* End PBXFileReference section */

/* Begin PBXFrameworksBuildPhase section */
		8D11072E0486CEB800E47090 /* Frameworks */ = {
			isa = PBXFrameworksBuildPhase;
			buildActionMask = 2147483647;
			files = (
				8869F78D26FA3275001C7C04 /* CoreMIDI.framework in Frameworks */,
				8869F78926FA2F4A001C7C04 /* Syphon.framework in Frameworks */,
				006D720419952D00008149E2 /* AVFoundation.framework in Frameworks */,
				006D720519952D00008149E2 /* CoreMedia.framework in Frameworks */,
				8D11072F0486CEB800E47090 /* Cocoa.framework in Frameworks */,
				0091D8F90E81B9330029341E /* OpenGL.framework in Frameworks */,
				5323E6B20EAFCA74003A9687 /* CoreVideo.framework in Frameworks */,
				00B784B30FF439BC000DE1D7 /* Accelerate.framework in Frameworks */,
				00B784B40FF439BC000DE1D7 /* AudioToolbox.framework in Frameworks */,
				00B784B50FF439BC000DE1D7 /* AudioUnit.framework in Frameworks */,
				00B784B60FF439BC000DE1D7 /* CoreAudio.framework in Frameworks */,
				00B9955A1B128DF400A5C623 /* IOKit.framework in Frameworks */,
				00B9955B1B128DF400A5C623 /* IOSurface.framework in Frameworks */,
			);
			runOnlyForDeploymentPostprocessing = 0;
		};
/* End PBXFrameworksBuildPhase section */

/* Begin PBXGroup section */
		01B97315FEAEA392516A2CEA /* Blocks */ = {
			isa = PBXGroup;
			children = (
				8869F78E26FA3419001C7C04 /* MIDI2 */,
				887D0B3326FA246F00E0F014 /* Syphon */,
				CE72499B92E74C638EE0D3C2 /* UI */,
				07CD27AB070F43DAA1CF2DC4 /* ORAGE */,
			);
			name = Blocks;
			sourceTree = "<group>";
		};
		07CD27AB070F43DAA1CF2DC4 /* ORAGE */ = {
			isa = PBXGroup;
			children = (
				0A595B9B770F4543BB6B8720 /* src */,
			);
			name = ORAGE;
			sourceTree = "<group>";
		};
		080E96DDFE201D6D7F000001 /* Source */ = {
			isa = PBXGroup;
			children = (
				0B603ABF0C504A9097C040CD /* ORAGEApp.cpp */,
			);
			name = Source;
			sourceTree = "<group>";
		};
		0A595B9B770F4543BB6B8720 /* src */ = {
			isa = PBXGroup;
			children = (
				4BC786DFFA8E4E0B9C4A1184 /* Orage.h */,
				D08991A3868F460CBEE3CAAE /* Tools.h */,
				FCFBBD3345064118A0D2AC10 /* Orage.cpp */,
				7CF51C554DF94BECBDC6B554 /* Tools.cpp */,
				C7C04195FAFF4011883ABCC2 /* Modules */,
				42783BEAE68C419CB20E039A /* Wires */,
			);
			name = src;
			sourceTree = "<group>";
		};
		0B978085039C436FBF5FB780 /* src */ = {
			isa = PBXGroup;
			children = (
				32003D1ADC834CCAB6B19F00 /* Alignments.h */,
				61058A79B5584A4E8AA4808B /* BSplineEditor.h */,
				1474A150087345B48B608778 /* Button.h */,
				1099B376A08148749C0F381A /* Canvas.h */,
				A7F256D1CA0A4A38B026CDB5 /* CocoaWindowCanvas.h */,
				868155B3209641DFAE124218 /* ColorPicker.h */,
				06CC0939663F48E59987FDE0 /* Colors.h */,
				769B57AA4BEF411E86A6C232 /* Control.h */,
				3B9ECC859DAD42D1A778FB9F /* Controls.h */,
				01A83ADBAA94401BB801ACAC /* ControlWithLabel.h */,
				E638F2AD640F49E0956C1393 /* Dialer.h */,
				2E70B40077DA4631BD3D2DF0 /* Directions.h */,
				E4665020EA164003AA8E7C29 /* Envelope.h */,
				2361C49C88A94DC596D09657 /* FontSizes.h */,
				70F6BE2078C7433590D5BEDA /* Fps.h */,
				FC0FD7B7ADD44FEDBC364D50 /* Globals.h */,
				3225DA0378F747C0AC66ACE0 /* Graph.h */,
				0AE74D7DB6F647278FCF21AA /* Helpers.h */,
				BA48D8A9743545C187826436 /* Label.h */,
				ED721BD68C00466B9630E5BF /* MultiSlider.h */,
				26FD92D985F7426F9BB66D38 /* Padding.h */,
				D4DA4DA454B1482B8D142159 /* Plotter.h */,
				7C9C9D5A420F4EBB8C77D0C1 /* QuaternionOrderer.h */,
				E30E4154F48848DFA1DEC539 /* Radio.h */,
				19B5DC9970744028B37953B2 /* Range.h */,
				0E6B3B18E0C946B684B6623F /* RenderData.h */,
				731D080DF7D346EBBF943084 /* Responder.h */,
				C71738A5B93F435DBC7867BE /* Slider.h */,
				0A44F8FCB69341FF8166DEF2 /* Spacer.h */,
				048222EE1ACD4E2981F71A14 /* Spectrum.h */,
				4005F14F533B403CA4C2EAD3 /* States.h */,
				12B2AAA2F1444F6A9F9AB431 /* SuperCanvas.h */,
				3BC8B2FB7EB44C5A9A1BE14E /* TextInput.h */,
				40B6F7F6C4DB4CBA82D520A6 /* TextureView.h */,
				E8E47C7C075B411F85E152E7 /* Toggle.h */,
				0D2644D49FCF4B58B93F0E42 /* Triggers.h */,
				453BC1A1E08D40D2A257DF7D /* UI.h */,
				22F493A2D86E433F9CDA02DD /* View.h */,
				005CADA5E8424A9093FE940F /* Waveform.h */,
				67665952549542548954110D /* WindowCanvas.h */,
				F9F3BF1EAE1046F7AF6FACF9 /* XYPad.h */,
				749F9E4A222746CEA01A278A /* BSplineEditor.cpp */,
				A9490366047E48239F99F159 /* Button.cpp */,
				659786853BDE4B8F97BC33E8 /* Canvas.cpp */,
				49963F63E4FF4DFFB586C64B /* ColorPicker.cpp */,
				6AD025495D054AC69C3011CB /* Colors.cpp */,
				AC80AD99168D4C3B951EC311 /* Control.cpp */,
				D99F350C3BD1436F8D4E961D /* ControlWithLabel.cpp */,
				0968BABE137F43BC8CB916BD /* Dialer.cpp */,
				D84C0F9BD0684C85A088CCEC /* Envelope.cpp */,
				60F504F21B1A4421891CF297 /* Fps.cpp */,
				4C7323634392467C8C2C455C /* Globals.cpp */,
				66E67770E3ED49D8A88C3160 /* Graph.cpp */,
				05C242D9E5594E48A0B78AF0 /* Label.cpp */,
				54FA0EDA6A0541B89EDFD859 /* MultiSlider.cpp */,
				72DE86A1A2894A059FABD805 /* Plotter.cpp */,
				D7EB7AF2CB304FC0A91112AA /* QuaternionOrderer.cpp */,
				C5652BAC64594F1390016B7D /* Radio.cpp */,
				860E4CBCDBB04C8286D164EC /* Range.cpp */,
				E461776E0B0444C7B274E2EF /* Responder.cpp */,
				3C407129F69041EDBFF805F8 /* Slider.cpp */,
				64657A64E1BD4627B2CEAF71 /* Spacer.cpp */,
				7971D122921941B88FE6D4BE /* Spectrum.cpp */,
				D8890A9C35CF4E34830A8FE0 /* SuperCanvas.cpp */,
				D1FC856B3996475A88DFEBDC /* TextInput.cpp */,
				F54F76DCAA704B4D94BA035C /* TextureView.cpp */,
				AEBE5AB1E8FF4E8B82BC4451 /* Toggle.cpp */,
				E1E05843D58C430880F53F24 /* View.cpp */,
				D61EA9BB85424471BA8753E9 /* Waveform.cpp */,
				2D5B967AC6AA4ADF864F5D07 /* WindowCanvas.cpp */,
				184AA8ECB6034567A4F44FE2 /* XYPad.cpp */,
			);
			name = src;
			sourceTree = "<group>";
		};
		1058C7A0FEA54F0111CA2CBB /* Linked Frameworks */ = {
			isa = PBXGroup;
			children = (
				006D720219952D00008149E2 /* AVFoundation.framework */,
				006D720319952D00008149E2 /* CoreMedia.framework */,
				00B784AF0FF439BC000DE1D7 /* Accelerate.framework */,
				00B784B00FF439BC000DE1D7 /* AudioToolbox.framework */,
				00B784B10FF439BC000DE1D7 /* AudioUnit.framework */,
				00B784B20FF439BC000DE1D7 /* CoreAudio.framework */,
				5323E6B10EAFCA74003A9687 /* CoreVideo.framework */,
				0091D8F80E81B9330029341E /* OpenGL.framework */,
				1058C7A1FEA54F0111CA2CBB /* Cocoa.framework */,
				00B995581B128DF400A5C623 /* IOKit.framework */,
				00B995591B128DF400A5C623 /* IOSurface.framework */,
			);
			name = "Linked Frameworks";
			sourceTree = "<group>";
		};
		1058C7A2FEA54F0111CA2CBB /* Other Frameworks */ = {
			isa = PBXGroup;
			children = (
				29B97324FDCFA39411CA2CEA /* AppKit.framework */,
				29B97325FDCFA39411CA2CEA /* Foundation.framework */,
			);
			name = "Other Frameworks";
			sourceTree = "<group>";
		};
		19C28FACFE9D520D11CA2CBB /* Products */ = {
			isa = PBXGroup;
			children = (
				8D1107320486CEB800E47090 /* ORAGE.app */,
			);
			name = Products;
			sourceTree = "<group>";
		};
		29B97314FDCFA39411CA2CEA /* ORAGE_crossplatform */ = {
			isa = PBXGroup;
			children = (
				01B97315FEAEA392516A2CEA /* Blocks */,
				29B97315FDCFA39411CA2CEA /* Headers */,
				080E96DDFE201D6D7F000001 /* Source */,
				29B97317FDCFA39411CA2CEA /* Resources */,
				29B97323FDCFA39411CA2CEA /* Frameworks */,
				19C28FACFE9D520D11CA2CBB /* Products */,
			);
			name = ORAGE_crossplatform;
			sourceTree = "<group>";
		};
		29B97315FDCFA39411CA2CEA /* Headers */ = {
			isa = PBXGroup;
			children = (
				0784FFCA3802472C86255737 /* Resources.h */,
				0F99B6BC87FD411C887F9EE8 /* ORAGE_Prefix.pch */,
			);
			name = Headers;
			sourceTree = "<group>";
		};
		29B97317FDCFA39411CA2CEA /* Resources */ = {
			isa = PBXGroup;
			children = (
				ACBF2C06B15C425E9EBD3C38 /* CinderApp.icns */,
				6449FF32AF7F4C36B7EC07E1 /* Info.plist */,
			);
			name = Resources;
			sourceTree = "<group>";
		};
		29B97323FDCFA39411CA2CEA /* Frameworks */ = {
			isa = PBXGroup;
			children = (
				8869F78C26FA3275001C7C04 /* CoreMIDI.framework */,
				887D0B7C26FA2A1B00E0F014 /* Syphon */,
				1058C7A0FEA54F0111CA2CBB /* Linked Frameworks */,
				1058C7A2FEA54F0111CA2CBB /* Other Frameworks */,
			);
			name = Frameworks;
			sourceTree = "<group>";
		};
		3D334C8E2F324E989C59F7BE /* Controllers */ = {
			isa = PBXGroup;
			children = (
				887D0B3226FA23EE00E0F014 /* Random.h */,
				1ED72208F6C94134BF8EAC07 /* BeatStepPro.h */,
				2C82D3079689476D8C1693E1 /* CustomCC.h */,
				D7D90E2C67BC4329AF97FFBE /* Lfos.h */,
				D7DA0E7CE48F4398AB7E3C79 /* NanoKontrol.h */,
				B1230B3F1CA7423BA65FAF4D /* NoteOnOff.h */,
				845EA63FFCDB47F9BBC9BF6F /* ProcessCV.h */,
				548F9ABAF76C41F99E9810E4 /* BeatStepPro.cpp */,
				BB8ED8D8E4374CC696A684D0 /* CustomCC.cpp */,
				054E73EAF1DA468EB6B1FECE /* Lfos.cpp */,
				F3C7E44C1BEA45D8A113671A /* NanoKontrol.cpp */,
				7A0AADB8EDD6495AAF7720F0 /* NoteOnOff.cpp */,
				5FD6D939F2814CADA59357CB /* ProcessCV.cpp */,
				2FBF7E8780094796B1E21221 /* Random.cpp */,
			);
			name = Controllers;
			sourceTree = "<group>";
		};
		42783BEAE68C419CB20E039A /* Wires */ = {
			isa = PBXGroup;
			children = (
				EDD43A5F22304AD48324E31D /* Wire.h */,
				BF7A106DEAC240B2A3888378 /* WireCV.h */,
				4036D8058D2B4E2E8B50E93A /* WirePiano.h */,
				A9CB9E6C01594B68BF0378B0 /* Wires.h */,
				5F4D592C1DD649FD8D357BA5 /* WireVideo.h */,
				C602282E5F12471D8623CD55 /* Wire.cpp */,
				E4A5791003CD4BC6811EB9C6 /* WireCV.cpp */,
				8A4369F309274429BFAC4433 /* Wires.cpp */,
			);
			name = Wires;
			sourceTree = "<group>";
		};
		83C11F8DB7684793AA47F0D0 /* Videos */ = {
			isa = PBXGroup;
			children = (
				CFFBA62FF66C4B8AA0E3FE11 /* Blur.h */,
				351BD065186A425D8B61BB85 /* Cloud.h */,
				EB0CF2DCE6284B2B8F0590C0 /* ColorAdjustement.h */,
				908EED2E3A8848ADB4AA874A /* Crossfader.h */,
				4BE28E534F3846FC87D2672E /* Delay.h */,
				819D18D146B14BBDBF364456 /* Freezer.h */,
				AAEF9D9F1C294C77825DA780 /* Hilbert.h */,
				82A346FF81DE4DAD9C75282A /* Kaleidoscope.h */,
				EFC9F5E17551421FB190E1B9 /* Matte.h */,
				C16B0A5BE5B347DEA0749FF2 /* Mosher.h */,
				78DD4D5350B3493AB1F7E091 /* Oscillator.h */,
				49B2BE22D60E495BAA77EDAD /* Output.h */,
				08BA545E7C2748739D73BC83 /* Player.h */,
				3B042DEB69134D40B6F48418 /* Resize.h */,
				80F64CD9222A4CAFA533F34C /* Spliter.h */,
				97ADD6D5FF3B4E8BA6329731 /* SyphonInput.h */,
				01AB5D79DDBA4B1A91513CCB /* Tile.h */,
				3D0E7D2D4A204E9A8556ED5E /* TintCorrector.h */,
				DBD63A3A761847DFABC26181 /* Blur.cpp */,
				8849DDF5A8B54E568B424A03 /* Cloud.cpp */,
				A8B3F2AED477457487CCA070 /* ColorAdjustement.cpp */,
				CC3A8A91501342EA837CC4D3 /* Crossfader.cpp */,
				701DE0E12D8646818C136D1C /* Delay.cpp */,
				894F9730526D43C895EEEB7A /* Freezer.cpp */,
				049127C43DA84D2DBB439253 /* Hilbert.cpp */,
				B25004E6219B4F25A05E52DA /* Kaleidoscope.cpp */,
				7DB27BB7CEAB4A66B525E922 /* Matte.cpp */,
				78B92A2C9F2943EF9BE8F860 /* Mosher.cpp */,
				263764FF75A74B2C8947CD6B /* Oscillator.cpp */,
				2EC1D3F2134648B3899707A4 /* Output.cpp */,
				D949BDCA5D8B4C998A7C4945 /* Player.cpp */,
				C8DD52ADE0FB435BBB6AEC0E /* Resize.cpp */,
				DC8D58D8B8C84FF78BCD3C47 /* Spliter.cpp */,
				2EA7995FC0754C8BB0C62C70 /* SyphonInput.cpp */,
				E54756E7BDF344C985911308 /* Tile.cpp */,
				878775766D864FEDA38A8C24 /* TintCorrector.cpp */,
			);
			name = Videos;
			sourceTree = "<group>";
		};
		8869F78E26FA3419001C7C04 /* MIDI2 */ = {
			isa = PBXGroup;
			children = (
				8869F78F26FA3419001C7C04 /* src */,
			);
			name = MIDI2;
			path = ../blocks/MIDI2;
			sourceTree = "<group>";
		};
		8869F78F26FA3419001C7C04 /* src */ = {
			isa = PBXGroup;
			children = (
				8869F79026FA3419001C7C04 /* RtMidi.cpp */,
				8869F79126FA3419001C7C04 /* MidiConstants.h */,
				8869F79226FA3419001C7C04 /* MidiExceptions.h */,
				8869F79326FA3419001C7C04 /* MidiHeaders.h */,
				8869F79426FA3419001C7C04 /* RtMidi.h */,
				8869F79526FA3419001C7C04 /* MidiMessage.h */,
				8869F79626FA3419001C7C04 /* MidiMessage.cpp */,
				8869F79726FA3419001C7C04 /* MidiHub.h */,
				8869F79826FA3419001C7C04 /* MidiOut.h */,
				8869F79926FA3419001C7C04 /* MidiOut.cpp */,
				8869F79A26FA3419001C7C04 /* MidiHub.cpp */,
				8869F79B26FA3419001C7C04 /* MidiIn.h */,
				8869F79C26FA3419001C7C04 /* MidiIn.cpp */,
			);
			path = src;
			sourceTree = "<group>";
		};
		887D0B3326FA246F00E0F014 /* Syphon */ = {
			isa = PBXGroup;
			children = (
				887D0B3426FA246F00E0F014 /* lib */,
				887D0B3826FA246F00E0F014 /* src */,
			);
			name = Syphon;
			path = ../blocks/Syphon;
			sourceTree = "<group>";
		};
		887D0B3426FA246F00E0F014 /* lib */ = {
			isa = PBXGroup;
			children = (
				887D0B3526FA246F00E0F014 /* Syphon.framework */,
				887D0B3626FA246F00E0F014 /* SyphonNameboundClient.m */,
				887D0B3726FA246F00E0F014 /* SyphonNameboundClient.h */,
			);
			path = lib;
			sourceTree = "<group>";
		};
		887D0B3826FA246F00E0F014 /* src */ = {
			isa = PBXGroup;
			children = (
				887D0B3926FA246F00E0F014 /* cinderSyphon.h */,
				887D0B3A26FA246F00E0F014 /* syphonServer.mm */,
				887D0B3B26FA246F00E0F014 /* syphonClient.h */,
				887D0B3C26FA246F00E0F014 /* syphonServerDirectory.mm */,
				887D0B3D26FA246F00E0F014 /* syphonClient.mm */,
				887D0B3E26FA246F00E0F014 /* syphonServerDirectory.h */,
				887D0B3F26FA246F00E0F014 /* syphonServer.h */,
			);
			path = src;
			sourceTree = "<group>";
		};
		BA298618C3254AFFA3595D11 /* Bases */ = {
			isa = PBXGroup;
			children = (
				5B1DF62CE7DF46EC93C542BC /* ModuleBase.h */,
				966C450901E44E4C8EFB54BF /* ModuleVideo.h */,
				9CDFF47E5AEB4F2A80AEB9B6 /* ModuleBase.cpp */,
				6E6CD4720E1149DA9D1C6592 /* ModuleVideo.cpp */,
			);
			name = Bases;
			sourceTree = "<group>";
		};
		C7C04195FAFF4011883ABCC2 /* Modules */ = {
			isa = PBXGroup;
			children = (
				F7AA5DACE1484F45B856CBB8 /* SuperModule.h */,
				A9CAF877669244E1933F54BB /* SuperModule.cpp */,
				BA298618C3254AFFA3595D11 /* Bases */,
				3D334C8E2F324E989C59F7BE /* Controllers */,
				83C11F8DB7684793AA47F0D0 /* Videos */,
			);
			name = Modules;
			sourceTree = "<group>";
		};
		CE72499B92E74C638EE0D3C2 /* UI */ = {
			isa = PBXGroup;
			children = (
				0B978085039C436FBF5FB780 /* src */,
			);
			name = UI;
			sourceTree = "<group>";
		};
/* End PBXGroup section */

/* Begin PBXNativeTarget section */
		8D1107260486CEB800E47090 /* ORAGE */ = {
			isa = PBXNativeTarget;
			buildConfigurationList = C01FCF4A08A954540054247B /* Build configuration list for PBXNativeTarget "ORAGE" */;
			buildPhases = (
				8D1107290486CEB800E47090 /* Resources */,
				8D11072C0486CEB800E47090 /* Sources */,
				8D11072E0486CEB800E47090 /* Frameworks */,
				8869F78B26FA2F4A001C7C04 /* Embed Frameworks */,
			);
			buildRules = (
			);
			dependencies = (
			);
			name = ORAGE;
			productInstallPath = "$(HOME)/Applications";
			productName = ORAGE_crossplatform;
			productReference = 8D1107320486CEB800E47090 /* ORAGE.app */;
			productType = "com.apple.product-type.application";
		};
/* End PBXNativeTarget section */

/* Begin PBXProject section */
		29B97313FDCFA39411CA2CEA /* Project object */ = {
			isa = PBXProject;
			attributes = {
			};
			buildConfigurationList = C01FCF4E08A954540054247B /* Build configuration list for PBXProject "ORAGE" */;
			compatibilityVersion = "Xcode 3.2";
			developmentRegion = English;
			hasScannedForEncodings = 1;
			knownRegions = (
				English,
				Japanese,
				French,
				German,
			);
			mainGroup = 29B97314FDCFA39411CA2CEA /* ORAGE_crossplatform */;
			projectDirPath = "";
			projectRoot = "";
			targets = (
				8D1107260486CEB800E47090 /* ORAGE */,
			);
		};
/* End PBXProject section */

/* Begin PBXResourcesBuildPhase section */
		8D1107290486CEB800E47090 /* Resources */ = {
			isa = PBXResourcesBuildPhase;
			buildActionMask = 2147483647;
			files = (
				33A08EC6F610483B80A14453 /* CinderApp.icns in Resources */,
			);
			runOnlyForDeploymentPostprocessing = 0;
		};
/* End PBXResourcesBuildPhase section */

/* Begin PBXSourcesBuildPhase section */
		8D11072C0486CEB800E47090 /* Sources */ = {
			isa = PBXSourcesBuildPhase;
			buildActionMask = 2147483647;
			files = (
				CC5FEF1E729242A4B4AACD91 /* ORAGEApp.cpp in Sources */,
				8AB5894FBA16447DB6CA5986 /* BSplineEditor.cpp in Sources */,
				20C6ECD33A1A4CDD97CF3E99 /* Button.cpp in Sources */,
				D9008C6386DA4AA68DACAACD /* Canvas.cpp in Sources */,
				F5B1337E2646428699C73E61 /* ColorPicker.cpp in Sources */,
				BA1FF988F508458099894D71 /* Colors.cpp in Sources */,
				F8D198C3E3CA45DE9E444B92 /* Control.cpp in Sources */,
				A0D9DC8324D64BB4B6BDFE38 /* ControlWithLabel.cpp in Sources */,
				93AA966B47EC49E0A6891F0C /* Dialer.cpp in Sources */,
				B399902FC4E84191A8B0CD15 /* Envelope.cpp in Sources */,
				74144476ECB74D92A9F2F691 /* Fps.cpp in Sources */,
				4B66AA550F3246E2828C5092 /* Globals.cpp in Sources */,
				8869F7A126FA3419001C7C04 /* MidiIn.cpp in Sources */,
				89A4610944204EE4A4F7F41D /* Graph.cpp in Sources */,
				AD4958691E7144809695E61A /* Label.cpp in Sources */,
				515D8A9860AA493B81672F62 /* MultiSlider.cpp in Sources */,
				C317F9FA48F74ED0A99820CE /* Plotter.cpp in Sources */,
				9D39D95CE960474685CB1C0F /* QuaternionOrderer.cpp in Sources */,
				4B7DDEC9D9F5466BBCC2CEE3 /* Radio.cpp in Sources */,
				0D376F0F3B4B4962A83C0533 /* Range.cpp in Sources */,
				5E506F846C4B4E0EBA9F4B42 /* Responder.cpp in Sources */,
				4D1213670DCC4444B4F839B7 /* Slider.cpp in Sources */,
				8869F79F26FA3419001C7C04 /* MidiOut.cpp in Sources */,
				26CB8D1A6A5F49A0BA02A190 /* Spacer.cpp in Sources */,
				D3770529288F494FB9091993 /* Spectrum.cpp in Sources */,
				3DE5D67471C544A6B1D29EB4 /* SuperCanvas.cpp in Sources */,
				83743F632C8C4C19B6EE1790 /* TextInput.cpp in Sources */,
				8BD419C442EB40E4986D304E /* TextureView.cpp in Sources */,
				8869F79E26FA3419001C7C04 /* MidiMessage.cpp in Sources */,
				2AD3DBB4880744DDBE2D1D56 /* Toggle.cpp in Sources */,
				3468A5DA44444CA5B72B1045 /* View.cpp in Sources */,
				8330BC07C7A84D34B8425F37 /* Waveform.cpp in Sources */,
				442B3B9D7A964511A156DDA5 /* WindowCanvas.cpp in Sources */,
				393995F406B549BB9C9BBAE8 /* XYPad.cpp in Sources */,
				887D0B4226FA246F00E0F014 /* syphonServer.mm in Sources */,
				90F4A04457D7424BA8534D05 /* Orage.cpp in Sources */,
				C6EA399CA075472A996D6D5C /* Tools.cpp in Sources */,
				FA54EC27ACB645609A8B627E /* SuperModule.cpp in Sources */,
				2B0109B462364AB3A6C57CC0 /* ModuleBase.cpp in Sources */,
				05F2673D94B246BBAE9CFF01 /* ModuleVideo.cpp in Sources */,
				179228F76AEB448BBB9E0CC5 /* BeatStepPro.cpp in Sources */,
				748A690F54CA4021B1067E65 /* CustomCC.cpp in Sources */,
				DEED91B4AB774AC9B7597269 /* Lfos.cpp in Sources */,
				2D9D14C055AE42339E2D4FCA /* NanoKontrol.cpp in Sources */,
				887D0B4126FA246F00E0F014 /* SyphonNameboundClient.m in Sources */,
				7C0D5CA00D5E4C56869EC48D /* NoteOnOff.cpp in Sources */,
				B5499E11C9214FDAB6FBA490 /* ProcessCV.cpp in Sources */,
				C84272DCDA174BBEBC8D194B /* Random.cpp in Sources */,
				1877CEB8C9674B408DE94C5E /* Blur.cpp in Sources */,
				9EC32173AA6145299B74140A /* Cloud.cpp in Sources */,
				CCC9B9F1C4324B53B98BFD3B /* ColorAdjustement.cpp in Sources */,
				33F1EB8678434B6AA25C8572 /* Crossfader.cpp in Sources */,
				F921E65D4EDD4F648AA7CC24 /* Delay.cpp in Sources */,
				83105DF695F94C089A6AEB6F /* Freezer.cpp in Sources */,
				D845AAD16237461198D1266B /* Hilbert.cpp in Sources */,
				98F0939424CA412785D51467 /* Kaleidoscope.cpp in Sources */,
				3BE94854230B4296910BA465 /* Matte.cpp in Sources */,
				1B64EE0E3D814EB59C07D707 /* Mosher.cpp in Sources */,
				772C19712D7046BEB2B0EB40 /* Oscillator.cpp in Sources */,
				1B5774B30F7C430E92ACD955 /* Output.cpp in Sources */,
				48906D28B9404D77968E90D6 /* Player.cpp in Sources */,
				B07E1CDD221543B1A9B5B85A /* Resize.cpp in Sources */,
				4C9F5EBCE61E4C1E82DD0F3B /* Spliter.cpp in Sources */,
				887D0B4326FA246F00E0F014 /* syphonServerDirectory.mm in Sources */,
				7C0A2F0F14A64BD89DB5F923 /* SyphonInput.cpp in Sources */,
				01B8F25C93A94CBC826787E8 /* Tile.cpp in Sources */,
				7B668A352E704836921E6B78 /* TintCorrector.cpp in Sources */,
				9B3F26C6F9274312AE2437BA /* Wire.cpp in Sources */,
				8869F79D26FA3419001C7C04 /* RtMidi.cpp in Sources */,
				2B85F8C8178041E193B3E63E /* WireCV.cpp in Sources */,
				F79448B236C04D06B9255194 /* Wires.cpp in Sources */,
				8869F7A026FA3419001C7C04 /* MidiHub.cpp in Sources */,
				887D0B4426FA246F00E0F014 /* syphonClient.mm in Sources */,
			);
			runOnlyForDeploymentPostprocessing = 0;
		};
/* End PBXSourcesBuildPhase section */

/* Begin XCBuildConfiguration section */
		C01FCF4B08A954540054247B /* Debug */ = {
			isa = XCBuildConfiguration;
			buildSettings = {
				COMBINE_HIDPI_IMAGES = YES;
				COPY_PHASE_STRIP = NO;
				DEAD_CODE_STRIPPING = YES;
				FRAMEWORK_SEARCH_PATHS = ../blocks/Syphon/lib;
				GCC_DYNAMIC_NO_PIC = NO;
				GCC_INLINES_ARE_PRIVATE_EXTERN = YES;
				GCC_OPTIMIZATION_LEVEL = 0;
				GCC_PRECOMPILE_PREFIX_HEADER = YES;
				GCC_PREFIX_HEADER = ORAGE_Prefix.pch;
				GCC_PREPROCESSOR_DEFINITIONS = (
					"DEBUG=1",
					"$(inherited)",
				);
				GCC_SYMBOLS_PRIVATE_EXTERN = NO;
				INFOPLIST_FILE = Info.plist;
				INSTALL_PATH = "$(HOME)/Applications";
				LD_RUNPATH_SEARCH_PATHS = "$(inherited) @executable_path/../Frameworks";
				OTHER_LDFLAGS = "\"$(CINDER_PATH)/lib/macosx/$(CONFIGURATION)/libcinder.a\"";
				PRODUCT_BUNDLE_IDENTIFIER = org.libcinder.ORAGE;
				PRODUCT_NAME = ORAGE;
				SYMROOT = ./build;
				WRAPPER_EXTENSION = app;
			};
			name = Debug;
		};
		C01FCF4C08A954540054247B /* Release */ = {
			isa = XCBuildConfiguration;
			buildSettings = {
				COMBINE_HIDPI_IMAGES = YES;
				DEAD_CODE_STRIPPING = YES;
				DEBUG_INFORMATION_FORMAT = "dwarf-with-dsym";
				FRAMEWORK_SEARCH_PATHS = ../blocks/Syphon/lib;
				GCC_FAST_MATH = YES;
				GCC_GENERATE_DEBUGGING_SYMBOLS = NO;
				GCC_INLINES_ARE_PRIVATE_EXTERN = YES;
				GCC_OPTIMIZATION_LEVEL = 3;
				GCC_PRECOMPILE_PREFIX_HEADER = YES;
				GCC_PREFIX_HEADER = ORAGE_Prefix.pch;
				GCC_PREPROCESSOR_DEFINITIONS = (
					"NDEBUG=1",
					"$(inherited)",
				);
				GCC_SYMBOLS_PRIVATE_EXTERN = NO;
				INFOPLIST_FILE = Info.plist;
				INSTALL_PATH = "$(HOME)/Applications";
				LD_RUNPATH_SEARCH_PATHS = "$(inherited) @executable_path/../Frameworks";
				OTHER_LDFLAGS = "\"$(CINDER_PATH)/lib/macosx/$(CONFIGURATION)/libcinder.a\"";
				PRODUCT_BUNDLE_IDENTIFIER = org.libcinder.ORAGE;
				PRODUCT_NAME = ORAGE;
				STRIP_INSTALLED_PRODUCT = YES;
				SYMROOT = ./build;
				WRAPPER_EXTENSION = app;
			};
			name = Release;
		};
		C01FCF4F08A954540054247B /* Debug */ = {
			isa = XCBuildConfiguration;
			buildSettings = {
				ALWAYS_SEARCH_USER_PATHS = NO;
				CINDER_PATH = ../../../../Frameworks/Cinder;
				CLANG_CXX_LANGUAGE_STANDARD = "c++11";
				CLANG_CXX_LIBRARY = "libc++";
				ENABLE_TESTABILITY = YES;
				GCC_WARN_ABOUT_RETURN_TYPE = YES;
				GCC_WARN_UNUSED_VARIABLE = YES;
				HEADER_SEARCH_PATHS = (
					"\"$(CINDER_PATH)/include\"",
					../blocks/ORAGE/assets,
				);
				MACOSX_DEPLOYMENT_TARGET = 10.8;
				ONLY_ACTIVE_ARCH = YES;
				SDKROOT = macosx;
				USER_HEADER_SEARCH_PATHS = "\"$(CINDER_PATH)/include\" ../include ../blocks/OSC/src";
			};
			name = Debug;
		};
		C01FCF5008A954540054247B /* Release */ = {
			isa = XCBuildConfiguration;
			buildSettings = {
				ALWAYS_SEARCH_USER_PATHS = NO;
				CINDER_PATH = ../../../../Frameworks/Cinder;
				CLANG_CXX_LANGUAGE_STANDARD = "c++11";
				CLANG_CXX_LIBRARY = "libc++";
				GCC_WARN_ABOUT_RETURN_TYPE = YES;
				GCC_WARN_UNUSED_VARIABLE = YES;
				HEADER_SEARCH_PATHS = (
					"\"$(CINDER_PATH)/include\"",
					../blocks/ORAGE/assets,
				);
				MACOSX_DEPLOYMENT_TARGET = 10.8;
				SDKROOT = macosx;
				USER_HEADER_SEARCH_PATHS = "\"$(CINDER_PATH)/include\" ../include ../blocks/OSC/src";
			};
			name = Release;
		};
/* End XCBuildConfiguration section */

/* Begin XCConfigurationList section */
		C01FCF4A08A954540054247B /* Build configuration list for PBXNativeTarget "ORAGE" */ = {
			isa = XCConfigurationList;
			buildConfigurations = (
				C01FCF4B08A954540054247B /* Debug */,
				C01FCF4C08A954540054247B /* Release */,
			);
			defaultConfigurationIsVisible = 0;
			defaultConfigurationName = Release;
		};
		C01FCF4E08A954540054247B /* Build configuration list for PBXProject "ORAGE" */ = {
			isa = XCConfigurationList;
			buildConfigurations = (
				C01FCF4F08A954540054247B /* Debug */,
				C01FCF5008A954540054247B /* Release */,
			);
			defaultConfigurationIsVisible = 0;
			defaultConfigurationName = Release;
		};
/* End XCConfigurationList section */
	};
	rootObject = 29B97313FDCFA39411CA2CEA /* Project object */;
}
