// !$*UTF8*$!
{
	archiveVersion = 1;
	classes = {
	};
	objectVersion = 46;
	objects = {

/* Begin PBXBuildFile section */
		006D720419952D00008149E2 /* AVFoundation.framework in Frameworks */ = {isa = PBXBuildFile; fileRef = 006D720219952D00008149E2 /* AVFoundation.framework */; };
		006D720519952D00008149E2 /* CoreMedia.framework in Frameworks */ = {isa = PBXBuildFile; fileRef = 006D720319952D00008149E2 /* CoreMedia.framework */; };
		0091D8F90E81B9330029341E /* OpenGL.framework in Frameworks */ = {isa = PBXBuildFile; fileRef = 0091D8F80E81B9330029341E /* OpenGL.framework */; };
		00B784B30FF439BC000DE1D7 /* Accelerate.framework in Frameworks */ = {isa = PBXBuildFile; fileRef = 00B784AF0FF439BC000DE1D7 /* Accelerate.framework */; };
		00B784B40FF439BC000DE1D7 /* AudioToolbox.framework in Frameworks */ = {isa = PBXBuildFile; fileRef = 00B784B00FF439BC000DE1D7 /* AudioToolbox.framework */; };
		00B784B50FF439BC000DE1D7 /* AudioUnit.framework in Frameworks */ = {isa = PBXBuildFile; fileRef = 00B784B10FF439BC000DE1D7 /* AudioUnit.framework */; };
		00B784B60FF439BC000DE1D7 /* CoreAudio.framework in Frameworks */ = {isa = PBXBuildFile; fileRef = 00B784B20FF439BC000DE1D7 /* CoreAudio.framework */; };
		00B9955A1B128DF400A5C623 /* IOKit.framework in Frameworks */ = {isa = PBXBuildFile; fileRef = 00B995581B128DF400A5C623 /* IOKit.framework */; };
		00B9955B1B128DF400A5C623 /* IOSurface.framework in Frameworks */ = {isa = PBXBuildFile; fileRef = 00B995591B128DF400A5C623 /* IOSurface.framework */; };
		30C89E26A38F4CF0A0B0E71C /* CinderApp.icns in Resources */ = {isa = PBXBuildFile; fileRef = 28965F2FE58849709C8C7B7D /* CinderApp.icns */; };
		5323E6B20EAFCA74003A9687 /* CoreVideo.framework in Frameworks */ = {isa = PBXBuildFile; fileRef = 5323E6B10EAFCA74003A9687 /* CoreVideo.framework */; };
		883E041120CD9EE000B73030 /* Connector.cpp in Sources */ = {isa = PBXBuildFile; fileRef = 883E040F20CD9EE000B73030 /* Connector.cpp */; };
		886C3EBE20CB4AC700E9282D /* InteractionManager.cpp in Sources */ = {isa = PBXBuildFile; fileRef = 886C3EBD20CB4AC700E9282D /* InteractionManager.cpp */; };
		88CB4D7720C7F045000A41F1 /* ModuleController.cpp in Sources */ = {isa = PBXBuildFile; fileRef = 88CB4D7520C7F045000A41F1 /* ModuleController.cpp */; };
		88CB4D8520C8686E000A41F1 /* hashids.cpp in Sources */ = {isa = PBXBuildFile; fileRef = 88CB4D8320C8686E000A41F1 /* hashids.cpp */; };
		88CB4D8920C868A9000A41F1 /* Tree.cpp in Sources */ = {isa = PBXBuildFile; fileRef = 88CB4D8720C868A9000A41F1 /* Tree.cpp */; };
		88CB4D8D20C86C79000A41F1 /* Module.cpp in Sources */ = {isa = PBXBuildFile; fileRef = 88CB4D8B20C86C79000A41F1 /* Module.cpp */; };
		88CEA4EB20CD95F500B8DE63 /* UIController.cpp in Sources */ = {isa = PBXBuildFile; fileRef = 88CEA4E920CD95F500B8DE63 /* UIController.cpp */; };
		88CEA4EE20CD9B6800B8DE63 /* ConnectorWrapper.cpp in Sources */ = {isa = PBXBuildFile; fileRef = 88CEA4EC20CD9B6800B8DE63 /* ConnectorWrapper.cpp */; };
		88E97EE120CC62F9008E0FC1 /* Slider.cpp in Sources */ = {isa = PBXBuildFile; fileRef = 88E97EDF20CC62F9008E0FC1 /* Slider.cpp */; };
		8C300D287DC6459184BFC233 /* OrageApp.cpp in Sources */ = {isa = PBXBuildFile; fileRef = 3B7878E2A6E74C14B0B95C8D /* OrageApp.cpp */; };
		8D11072F0486CEB800E47090 /* Cocoa.framework in Frameworks */ = {isa = PBXBuildFile; fileRef = 1058C7A1FEA54F0111CA2CBB /* Cocoa.framework */; };
/* End PBXBuildFile section */

/* Begin PBXFileReference section */
		006D720219952D00008149E2 /* AVFoundation.framework */ = {isa = PBXFileReference; lastKnownFileType = wrapper.framework; name = AVFoundation.framework; path = System/Library/Frameworks/AVFoundation.framework; sourceTree = SDKROOT; };
		006D720319952D00008149E2 /* CoreMedia.framework */ = {isa = PBXFileReference; lastKnownFileType = wrapper.framework; name = CoreMedia.framework; path = System/Library/Frameworks/CoreMedia.framework; sourceTree = SDKROOT; };
		0091D8F80E81B9330029341E /* OpenGL.framework */ = {isa = PBXFileReference; lastKnownFileType = wrapper.framework; name = OpenGL.framework; path = /System/Library/Frameworks/OpenGL.framework; sourceTree = "<absolute>"; };
		00B784AF0FF439BC000DE1D7 /* Accelerate.framework */ = {isa = PBXFileReference; lastKnownFileType = wrapper.framework; name = Accelerate.framework; path = System/Library/Frameworks/Accelerate.framework; sourceTree = SDKROOT; };
		00B784B00FF439BC000DE1D7 /* AudioToolbox.framework */ = {isa = PBXFileReference; lastKnownFileType = wrapper.framework; name = AudioToolbox.framework; path = System/Library/Frameworks/AudioToolbox.framework; sourceTree = SDKROOT; };
		00B784B10FF439BC000DE1D7 /* AudioUnit.framework */ = {isa = PBXFileReference; lastKnownFileType = wrapper.framework; name = AudioUnit.framework; path = System/Library/Frameworks/AudioUnit.framework; sourceTree = SDKROOT; };
		00B784B20FF439BC000DE1D7 /* CoreAudio.framework */ = {isa = PBXFileReference; lastKnownFileType = wrapper.framework; name = CoreAudio.framework; path = System/Library/Frameworks/CoreAudio.framework; sourceTree = SDKROOT; };
		00B995581B128DF400A5C623 /* IOKit.framework */ = {isa = PBXFileReference; lastKnownFileType = wrapper.framework; name = IOKit.framework; path = System/Library/Frameworks/IOKit.framework; sourceTree = SDKROOT; };
		00B995591B128DF400A5C623 /* IOSurface.framework */ = {isa = PBXFileReference; lastKnownFileType = wrapper.framework; name = IOSurface.framework; path = System/Library/Frameworks/IOSurface.framework; sourceTree = SDKROOT; };
		1058C7A1FEA54F0111CA2CBB /* Cocoa.framework */ = {isa = PBXFileReference; lastKnownFileType = wrapper.framework; name = Cocoa.framework; path = /System/Library/Frameworks/Cocoa.framework; sourceTree = "<absolute>"; };
		1B0B70AF8AB2401B83436900 /* Resources.h */ = {isa = PBXFileReference; lastKnownFileType = sourcecode.c.h; name = Resources.h; path = ../include/Resources.h; sourceTree = "<group>"; };
		28965F2FE58849709C8C7B7D /* CinderApp.icns */ = {isa = PBXFileReference; lastKnownFileType = image.icns; name = CinderApp.icns; path = ../resources/CinderApp.icns; sourceTree = "<group>"; };
		29B97324FDCFA39411CA2CEA /* AppKit.framework */ = {isa = PBXFileReference; lastKnownFileType = wrapper.framework; name = AppKit.framework; path = /System/Library/Frameworks/AppKit.framework; sourceTree = "<absolute>"; };
		29B97325FDCFA39411CA2CEA /* Foundation.framework */ = {isa = PBXFileReference; lastKnownFileType = wrapper.framework; name = Foundation.framework; path = /System/Library/Frameworks/Foundation.framework; sourceTree = "<absolute>"; };
		3B7878E2A6E74C14B0B95C8D /* OrageApp.cpp */ = {isa = PBXFileReference; lastKnownFileType = sourcecode.c.cpp; name = OrageApp.cpp; path = ../src/OrageApp.cpp; sourceTree = "<group>"; };
		5323E6B10EAFCA74003A9687 /* CoreVideo.framework */ = {isa = PBXFileReference; lastKnownFileType = wrapper.framework; name = CoreVideo.framework; path = /System/Library/Frameworks/CoreVideo.framework; sourceTree = "<absolute>"; };
		63AECE3799ED40B28CCC923D /* Orage_Prefix.pch */ = {isa = PBXFileReference; lastKnownFileType = "\"\""; path = Orage_Prefix.pch; sourceTree = "<group>"; };
		883E040F20CD9EE000B73030 /* Connector.cpp */ = {isa = PBXFileReference; lastKnownFileType = sourcecode.cpp.cpp; name = Connector.cpp; path = Connector/Connector.cpp; sourceTree = "<group>"; };
		883E041020CD9EE000B73030 /* Connector.hpp */ = {isa = PBXFileReference; lastKnownFileType = sourcecode.cpp.h; name = Connector.hpp; path = Connector/Connector.hpp; sourceTree = "<group>"; };
		886C3EBD20CB4AC700E9282D /* InteractionManager.cpp */ = {isa = PBXFileReference; fileEncoding = 4; lastKnownFileType = sourcecode.cpp.cpp; name = InteractionManager.cpp; path = Interactions/InteractionManager.cpp; sourceTree = "<group>"; };
		88CB4D7520C7F045000A41F1 /* ModuleController.cpp */ = {isa = PBXFileReference; lastKnownFileType = sourcecode.cpp.cpp; name = ModuleController.cpp; path = Module/ModuleController.cpp; sourceTree = "<group>"; };
		88CB4D7620C7F045000A41F1 /* ModuleController.hpp */ = {isa = PBXFileReference; lastKnownFileType = sourcecode.cpp.h; name = ModuleController.hpp; path = Module/ModuleController.hpp; sourceTree = "<group>"; };
		88CB4D7E20C7F0C0000A41F1 /* MouseEvent.hpp */ = {isa = PBXFileReference; lastKnownFileType = sourcecode.cpp.h; name = MouseEvent.hpp; path = Interactions/MouseEvent.hpp; sourceTree = "<group>"; };
		88CB4D8120C7F4BA000A41F1 /* InteractionManager.hpp */ = {isa = PBXFileReference; lastKnownFileType = sourcecode.cpp.h; name = InteractionManager.hpp; path = Interactions/InteractionManager.hpp; sourceTree = "<group>"; };
		88CB4D8320C8686E000A41F1 /* hashids.cpp */ = {isa = PBXFileReference; fileEncoding = 4; lastKnownFileType = sourcecode.cpp.cpp; path = hashids.cpp; sourceTree = "<group>"; };
		88CB4D8420C8686E000A41F1 /* hashids.h */ = {isa = PBXFileReference; fileEncoding = 4; lastKnownFileType = sourcecode.c.h; path = hashids.h; sourceTree = "<group>"; };
		88CB4D8720C868A9000A41F1 /* Tree.cpp */ = {isa = PBXFileReference; lastKnownFileType = sourcecode.cpp.cpp; name = Tree.cpp; path = Tree/Tree.cpp; sourceTree = "<group>"; };
		88CB4D8820C868A9000A41F1 /* Tree.hpp */ = {isa = PBXFileReference; lastKnownFileType = sourcecode.cpp.h; name = Tree.hpp; path = Tree/Tree.hpp; sourceTree = "<group>"; };
		88CB4D8B20C86C79000A41F1 /* Module.cpp */ = {isa = PBXFileReference; lastKnownFileType = sourcecode.cpp.cpp; name = Module.cpp; path = Module/Module.cpp; sourceTree = "<group>"; };
		88CB4D8C20C86C79000A41F1 /* Module.hpp */ = {isa = PBXFileReference; lastKnownFileType = sourcecode.cpp.h; name = Module.hpp; path = Module/Module.hpp; sourceTree = "<group>"; };
		88CEA4E920CD95F500B8DE63 /* UIController.cpp */ = {isa = PBXFileReference; lastKnownFileType = sourcecode.cpp.cpp; name = UIController.cpp; path = UI/UIController.cpp; sourceTree = "<group>"; };
		88CEA4EA20CD95F500B8DE63 /* UIController.hpp */ = {isa = PBXFileReference; lastKnownFileType = sourcecode.cpp.h; name = UIController.hpp; path = UI/UIController.hpp; sourceTree = "<group>"; };
		88CEA4EC20CD9B6800B8DE63 /* ConnectorWrapper.cpp */ = {isa = PBXFileReference; lastKnownFileType = sourcecode.cpp.cpp; name = ConnectorWrapper.cpp; path = Connector/ConnectorWrapper.cpp; sourceTree = "<group>"; };
		88CEA4ED20CD9B6800B8DE63 /* ConnectorWrapper.hpp */ = {isa = PBXFileReference; lastKnownFileType = sourcecode.cpp.h; name = ConnectorWrapper.hpp; path = Connector/ConnectorWrapper.hpp; sourceTree = "<group>"; };
		88E97EDF20CC62F9008E0FC1 /* Slider.cpp */ = {isa = PBXFileReference; lastKnownFileType = sourcecode.cpp.cpp; name = Slider.cpp; path = UI/Slider.cpp; sourceTree = "<group>"; };
		88E97EE020CC62F9008E0FC1 /* Slider.hpp */ = {isa = PBXFileReference; lastKnownFileType = sourcecode.cpp.h; name = Slider.hpp; path = UI/Slider.hpp; sourceTree = "<group>"; };
		88E97EE420CD7809008E0FC1 /* Tools.hpp */ = {isa = PBXFileReference; lastKnownFileType = sourcecode.cpp.h; name = Tools.hpp; path = Tools/Tools.hpp; sourceTree = "<group>"; };
		8D1107320486CEB800E47090 /* Orage.app */ = {isa = PBXFileReference; explicitFileType = wrapper.application; includeInIndex = 0; path = Orage.app; sourceTree = BUILT_PRODUCTS_DIR; };
		C7F4F37B179748B3BFB96B80 /* Info.plist */ = {isa = PBXFileReference; lastKnownFileType = text.plist.xml; path = Info.plist; sourceTree = "<group>"; };
/* End PBXFileReference section */

/* Begin PBXFrameworksBuildPhase section */
		8D11072E0486CEB800E47090 /* Frameworks */ = {
			isa = PBXFrameworksBuildPhase;
			buildActionMask = 2147483647;
			files = (
				006D720419952D00008149E2 /* AVFoundation.framework in Frameworks */,
				006D720519952D00008149E2 /* CoreMedia.framework in Frameworks */,
				8D11072F0486CEB800E47090 /* Cocoa.framework in Frameworks */,
				0091D8F90E81B9330029341E /* OpenGL.framework in Frameworks */,
				5323E6B20EAFCA74003A9687 /* CoreVideo.framework in Frameworks */,
				00B784B30FF439BC000DE1D7 /* Accelerate.framework in Frameworks */,
				00B784B40FF439BC000DE1D7 /* AudioToolbox.framework in Frameworks */,
				00B784B50FF439BC000DE1D7 /* AudioUnit.framework in Frameworks */,
				00B784B60FF439BC000DE1D7 /* CoreAudio.framework in Frameworks */,
				00B9955A1B128DF400A5C623 /* IOKit.framework in Frameworks */,
				00B9955B1B128DF400A5C623 /* IOSurface.framework in Frameworks */,
			);
			runOnlyForDeploymentPostprocessing = 0;
		};
/* End PBXFrameworksBuildPhase section */

/* Begin PBXGroup section */
		01B97315FEAEA392516A2CEA /* Blocks */ = {
			isa = PBXGroup;
			children = (
			);
			name = Blocks;
			sourceTree = "<group>";
		};
		080E96DDFE201D6D7F000001 /* Source */ = {
			isa = PBXGroup;
			children = (
				88CB4D8620C86875000A41F1 /* hashids */,
				3B7878E2A6E74C14B0B95C8D /* OrageApp.cpp */,
				88CB4D8A20C868AD000A41F1 /* Tree */,
				88CB4D7820C7F071000A41F1 /* Module */,
				88CEA4EF20CD9B6E00B8DE63 /* Connector */,
				88E97EE220CC631D008E0FC1 /* UI */,
				88E97EE620CD780F008E0FC1 /* Tools */,
				88CB4D7C20C7F095000A41F1 /* Interactions */,
			);
			name = Source;
			sourceTree = "<group>";
		};
		1058C7A0FEA54F0111CA2CBB /* Linked Frameworks */ = {
			isa = PBXGroup;
			children = (
				006D720219952D00008149E2 /* AVFoundation.framework */,
				006D720319952D00008149E2 /* CoreMedia.framework */,
				00B784AF0FF439BC000DE1D7 /* Accelerate.framework */,
				00B784B00FF439BC000DE1D7 /* AudioToolbox.framework */,
				00B784B10FF439BC000DE1D7 /* AudioUnit.framework */,
				00B784B20FF439BC000DE1D7 /* CoreAudio.framework */,
				5323E6B10EAFCA74003A9687 /* CoreVideo.framework */,
				0091D8F80E81B9330029341E /* OpenGL.framework */,
				1058C7A1FEA54F0111CA2CBB /* Cocoa.framework */,
				00B995581B128DF400A5C623 /* IOKit.framework */,
				00B995591B128DF400A5C623 /* IOSurface.framework */,
			);
			name = "Linked Frameworks";
			sourceTree = "<group>";
		};
		1058C7A2FEA54F0111CA2CBB /* Other Frameworks */ = {
			isa = PBXGroup;
			children = (
				29B97324FDCFA39411CA2CEA /* AppKit.framework */,
				29B97325FDCFA39411CA2CEA /* Foundation.framework */,
			);
			name = "Other Frameworks";
			sourceTree = "<group>";
		};
		19C28FACFE9D520D11CA2CBB /* Products */ = {
			isa = PBXGroup;
			children = (
				8D1107320486CEB800E47090 /* Orage.app */,
			);
			name = Products;
			sourceTree = "<group>";
		};
		29B97314FDCFA39411CA2CEA /* Orage */ = {
			isa = PBXGroup;
			children = (
				01B97315FEAEA392516A2CEA /* Blocks */,
				29B97315FDCFA39411CA2CEA /* Headers */,
				080E96DDFE201D6D7F000001 /* Source */,
				29B97317FDCFA39411CA2CEA /* Resources */,
				29B97323FDCFA39411CA2CEA /* Frameworks */,
				19C28FACFE9D520D11CA2CBB /* Products */,
			);
			name = Orage;
			sourceTree = "<group>";
		};
		29B97315FDCFA39411CA2CEA /* Headers */ = {
			isa = PBXGroup;
			children = (
				1B0B70AF8AB2401B83436900 /* Resources.h */,
				63AECE3799ED40B28CCC923D /* Orage_Prefix.pch */,
			);
			name = Headers;
			sourceTree = "<group>";
		};
		29B97317FDCFA39411CA2CEA /* Resources */ = {
			isa = PBXGroup;
			children = (
				28965F2FE58849709C8C7B7D /* CinderApp.icns */,
				C7F4F37B179748B3BFB96B80 /* Info.plist */,
			);
			name = Resources;
			sourceTree = "<group>";
		};
		29B97323FDCFA39411CA2CEA /* Frameworks */ = {
			isa = PBXGroup;
			children = (
				1058C7A0FEA54F0111CA2CBB /* Linked Frameworks */,
				1058C7A2FEA54F0111CA2CBB /* Other Frameworks */,
			);
			name = Frameworks;
			sourceTree = "<group>";
		};
		88CB4D7820C7F071000A41F1 /* Module */ = {
			isa = PBXGroup;
			children = (
				88CB4D7520C7F045000A41F1 /* ModuleController.cpp */,
				88CB4D7620C7F045000A41F1 /* ModuleController.hpp */,
				88CB4D8B20C86C79000A41F1 /* Module.cpp */,
				88CB4D8C20C86C79000A41F1 /* Module.hpp */,
			);
			name = Module;
			sourceTree = "<group>";
		};
		88CB4D7C20C7F095000A41F1 /* Interactions */ = {
			isa = PBXGroup;
			children = (
				88CB4D7E20C7F0C0000A41F1 /* MouseEvent.hpp */,
				886C3EBD20CB4AC700E9282D /* InteractionManager.cpp */,
				88CB4D8120C7F4BA000A41F1 /* InteractionManager.hpp */,
			);
			name = Interactions;
			sourceTree = "<group>";
		};
		88CB4D8620C86875000A41F1 /* hashids */ = {
			isa = PBXGroup;
			children = (
				88CB4D8320C8686E000A41F1 /* hashids.cpp */,
				88CB4D8420C8686E000A41F1 /* hashids.h */,
			);
			name = hashids;
			sourceTree = "<group>";
		};
		88CB4D8A20C868AD000A41F1 /* Tree */ = {
			isa = PBXGroup;
			children = (
				88CB4D8720C868A9000A41F1 /* Tree.cpp */,
				88CB4D8820C868A9000A41F1 /* Tree.hpp */,
			);
			name = Tree;
			sourceTree = "<group>";
		};
		88CEA4EF20CD9B6E00B8DE63 /* Connector */ = {
			isa = PBXGroup;
			children = (
				88CEA4EC20CD9B6800B8DE63 /* ConnectorWrapper.cpp */,
				88CEA4ED20CD9B6800B8DE63 /* ConnectorWrapper.hpp */,
				883E040F20CD9EE000B73030 /* Connector.cpp */,
				883E041020CD9EE000B73030 /* Connector.hpp */,
			);
			name = Connector;
			sourceTree = "<group>";
		};
		88E97EE220CC631D008E0FC1 /* UI */ = {
			isa = PBXGroup;
			children = (
				88E97EDF20CC62F9008E0FC1 /* Slider.cpp */,
				88E97EE020CC62F9008E0FC1 /* Slider.hpp */,
				88CEA4E920CD95F500B8DE63 /* UIController.cpp */,
				88CEA4EA20CD95F500B8DE63 /* UIController.hpp */,
			);
			name = UI;
			sourceTree = "<group>";
		};
		88E97EE620CD780F008E0FC1 /* Tools */ = {
			isa = PBXGroup;
			children = (
				88E97EE420CD7809008E0FC1 /* Tools.hpp */,
			);
			name = Tools;
			sourceTree = "<group>";
		};
/* End PBXGroup section */

/* Begin PBXNativeTarget section */
		8D1107260486CEB800E47090 /* Orage */ = {
			isa = PBXNativeTarget;
			buildConfigurationList = C01FCF4A08A954540054247B /* Build configuration list for PBXNativeTarget "Orage" */;
			buildPhases = (
				8D1107290486CEB800E47090 /* Resources */,
				8D11072C0486CEB800E47090 /* Sources */,
				8D11072E0486CEB800E47090 /* Frameworks */,
			);
			buildRules = (
			);
			dependencies = (
			);
			name = Orage;
			productInstallPath = "$(HOME)/Applications";
			productName = Orage;
			productReference = 8D1107320486CEB800E47090 /* Orage.app */;
			productType = "com.apple.product-type.application";
		};
/* End PBXNativeTarget section */

/* Begin PBXProject section */
		29B97313FDCFA39411CA2CEA /* Project object */ = {
			isa = PBXProject;
			attributes = {
				LastUpgradeCheck = 0920;
			};
			buildConfigurationList = C01FCF4E08A954540054247B /* Build configuration list for PBXProject "Orage" */;
			compatibilityVersion = "Xcode 3.2";
			developmentRegion = English;
			hasScannedForEncodings = 1;
			knownRegions = (
				English,
				Japanese,
				French,
				German,
			);
			mainGroup = 29B97314FDCFA39411CA2CEA /* Orage */;
			projectDirPath = "";
			projectRoot = "";
			targets = (
				8D1107260486CEB800E47090 /* Orage */,
			);
		};
/* End PBXProject section */

/* Begin PBXResourcesBuildPhase section */
		8D1107290486CEB800E47090 /* Resources */ = {
			isa = PBXResourcesBuildPhase;
			buildActionMask = 2147483647;
			files = (
				30C89E26A38F4CF0A0B0E71C /* CinderApp.icns in Resources */,
			);
			runOnlyForDeploymentPostprocessing = 0;
		};
/* End PBXResourcesBuildPhase section */

/* Begin PBXSourcesBuildPhase section */
		8D11072C0486CEB800E47090 /* Sources */ = {
			isa = PBXSourcesBuildPhase;
			buildActionMask = 2147483647;
			files = (
				88CB4D8520C8686E000A41F1 /* hashids.cpp in Sources */,
				88CB4D8D20C86C79000A41F1 /* Module.cpp in Sources */,
				88CEA4EE20CD9B6800B8DE63 /* ConnectorWrapper.cpp in Sources */,
				8C300D287DC6459184BFC233 /* OrageApp.cpp in Sources */,
				88CEA4EB20CD95F500B8DE63 /* UIController.cpp in Sources */,
				883E041120CD9EE000B73030 /* Connector.cpp in Sources */,
				88E97EE120CC62F9008E0FC1 /* Slider.cpp in Sources */,
				88CB4D7720C7F045000A41F1 /* ModuleController.cpp in Sources */,
				886C3EBE20CB4AC700E9282D /* InteractionManager.cpp in Sources */,
				88CB4D8920C868A9000A41F1 /* Tree.cpp in Sources */,
			);
			runOnlyForDeploymentPostprocessing = 0;
		};
/* End PBXSourcesBuildPhase section */

/* Begin XCBuildConfiguration section */
		C01FCF4B08A954540054247B /* Debug */ = {
			isa = XCBuildConfiguration;
			buildSettings = {
				CINDER_PATH = /Users/ogre/Frameworks/cinder_0.9.0_mac;
				COMBINE_HIDPI_IMAGES = YES;
				COPY_PHASE_STRIP = NO;
				DEAD_CODE_STRIPPING = YES;
				GCC_DYNAMIC_NO_PIC = NO;
				GCC_INLINES_ARE_PRIVATE_EXTERN = YES;
				GCC_OPTIMIZATION_LEVEL = 0;
				GCC_PRECOMPILE_PREFIX_HEADER = YES;
				GCC_PREFIX_HEADER = Orage_Prefix.pch;
				GCC_PREPROCESSOR_DEFINITIONS = (
					"DEBUG=1",
					"$(inherited)",
				);
				GCC_SYMBOLS_PRIVATE_EXTERN = NO;
				INFOPLIST_FILE = Info.plist;
				INSTALL_PATH = "$(HOME)/Applications";
				OTHER_LDFLAGS = "\"$(CINDER_PATH)/lib/libcinder_d.a\"";
				PRODUCT_BUNDLE_IDENTIFIER = "org.libcinder.${PRODUCT_NAME:rfc1034identifier}";
				PRODUCT_NAME = Orage;
				SYMROOT = ./build;
				WRAPPER_EXTENSION = app;
			};
			name = Debug;
		};
		C01FCF4C08A954540054247B /* Release */ = {
			isa = XCBuildConfiguration;
			buildSettings = {
				CINDER_PATH = /Users/ogre/Frameworks/cinder_0.9.0_mac;
				COMBINE_HIDPI_IMAGES = YES;
				DEAD_CODE_STRIPPING = YES;
				DEBUG_INFORMATION_FORMAT = "dwarf-with-dsym";
				GCC_FAST_MATH = YES;
				GCC_GENERATE_DEBUGGING_SYMBOLS = NO;
				GCC_INLINES_ARE_PRIVATE_EXTERN = YES;
				GCC_OPTIMIZATION_LEVEL = 3;
				GCC_PRECOMPILE_PREFIX_HEADER = YES;
				GCC_PREFIX_HEADER = Orage_Prefix.pch;
				GCC_PREPROCESSOR_DEFINITIONS = (
					"NDEBUG=1",
					"$(inherited)",
				);
				GCC_SYMBOLS_PRIVATE_EXTERN = NO;
				INFOPLIST_FILE = Info.plist;
				INSTALL_PATH = "$(HOME)/Applications";
				OTHER_LDFLAGS = "\"$(CINDER_PATH)/lib/libcinder.a\"";
				PRODUCT_BUNDLE_IDENTIFIER = "org.libcinder.${PRODUCT_NAME:rfc1034identifier}";
				PRODUCT_NAME = Orage;
				STRIP_INSTALLED_PRODUCT = YES;
				SYMROOT = ./build;
				WRAPPER_EXTENSION = app;
			};
			name = Release;
		};
		C01FCF4F08A954540054247B /* Debug */ = {
			isa = XCBuildConfiguration;
			buildSettings = {
				ALWAYS_SEARCH_USER_PATHS = NO;
				CINDER_PATH = ../../../../Frameworks/cinder_0.9.0_mac;
				CLANG_ANALYZER_LOCALIZABILITY_NONLOCALIZED = YES;
				CLANG_CXX_LANGUAGE_STANDARD = "c++11";
				CLANG_CXX_LIBRARY = "libc++";
				CLANG_WARN_BLOCK_CAPTURE_AUTORELEASING = YES;
				CLANG_WARN_BOOL_CONVERSION = YES;
				CLANG_WARN_COMMA = YES;
				CLANG_WARN_CONSTANT_CONVERSION = YES;
				CLANG_WARN_EMPTY_BODY = YES;
				CLANG_WARN_ENUM_CONVERSION = YES;
				CLANG_WARN_INFINITE_RECURSION = YES;
				CLANG_WARN_INT_CONVERSION = YES;
				CLANG_WARN_NON_LITERAL_NULL_CONVERSION = YES;
				CLANG_WARN_OBJC_LITERAL_CONVERSION = YES;
				CLANG_WARN_RANGE_LOOP_ANALYSIS = YES;
				CLANG_WARN_STRICT_PROTOTYPES = YES;
				CLANG_WARN_SUSPICIOUS_MOVE = YES;
				CLANG_WARN_UNREACHABLE_CODE = YES;
				CLANG_WARN__DUPLICATE_METHOD_MATCH = YES;
				ENABLE_STRICT_OBJC_MSGSEND = YES;
				ENABLE_TESTABILITY = YES;
				GCC_NO_COMMON_BLOCKS = YES;
				GCC_WARN_64_TO_32_BIT_CONVERSION = YES;
				GCC_WARN_ABOUT_RETURN_TYPE = YES;
				GCC_WARN_UNDECLARED_SELECTOR = YES;
				GCC_WARN_UNINITIALIZED_AUTOS = YES;
				GCC_WARN_UNUSED_FUNCTION = YES;
				GCC_WARN_UNUSED_VARIABLE = YES;
				HEADER_SEARCH_PATHS = "\"$(CINDER_PATH)/include\"";
				MACOSX_DEPLOYMENT_TARGET = 10.8;
				ONLY_ACTIVE_ARCH = YES;
				SDKROOT = macosx;
				USER_HEADER_SEARCH_PATHS = "\"$(CINDER_PATH)/include\" ../include";
			};
			name = Debug;
		};
		C01FCF5008A954540054247B /* Release */ = {
			isa = XCBuildConfiguration;
			buildSettings = {
				ALWAYS_SEARCH_USER_PATHS = NO;
				CINDER_PATH = ../../../../Frameworks/cinder_0.9.0_mac;
				CLANG_ANALYZER_LOCALIZABILITY_NONLOCALIZED = YES;
				CLANG_CXX_LANGUAGE_STANDARD = "c++11";
				CLANG_CXX_LIBRARY = "libc++";
				CLANG_WARN_BLOCK_CAPTURE_AUTORELEASING = YES;
				CLANG_WARN_BOOL_CONVERSION = YES;
				CLANG_WARN_COMMA = YES;
				CLANG_WARN_CONSTANT_CONVERSION = YES;
				CLANG_WARN_EMPTY_BODY = YES;
				CLANG_WARN_ENUM_CONVERSION = YES;
				CLANG_WARN_INFINITE_RECURSION = YES;
				CLANG_WARN_INT_CONVERSION = YES;
				CLANG_WARN_NON_LITERAL_NULL_CONVERSION = YES;
				CLANG_WARN_OBJC_LITERAL_CONVERSION = YES;
				CLANG_WARN_RANGE_LOOP_ANALYSIS = YES;
				CLANG_WARN_STRICT_PROTOTYPES = YES;
				CLANG_WARN_SUSPICIOUS_MOVE = YES;
				CLANG_WARN_UNREACHABLE_CODE = YES;
				CLANG_WARN__DUPLICATE_METHOD_MATCH = YES;
				ENABLE_STRICT_OBJC_MSGSEND = YES;
				GCC_NO_COMMON_BLOCKS = YES;
				GCC_WARN_64_TO_32_BIT_CONVERSION = YES;
				GCC_WARN_ABOUT_RETURN_TYPE = YES;
				GCC_WARN_UNDECLARED_SELECTOR = YES;
				GCC_WARN_UNINITIALIZED_AUTOS = YES;
				GCC_WARN_UNUSED_FUNCTION = YES;
				GCC_WARN_UNUSED_VARIABLE = YES;
				HEADER_SEARCH_PATHS = "\"$(CINDER_PATH)/include\"";
				MACOSX_DEPLOYMENT_TARGET = 10.8;
				SDKROOT = macosx;
				USER_HEADER_SEARCH_PATHS = "\"$(CINDER_PATH)/include\" ../include";
			};
			name = Release;
		};
/* End XCBuildConfiguration section */

/* Begin XCConfigurationList section */
		C01FCF4A08A954540054247B /* Build configuration list for PBXNativeTarget "Orage" */ = {
			isa = XCConfigurationList;
			buildConfigurations = (
				C01FCF4B08A954540054247B /* Debug */,
				C01FCF4C08A954540054247B /* Release */,
			);
			defaultConfigurationIsVisible = 0;
			defaultConfigurationName = Release;
		};
		C01FCF4E08A954540054247B /* Build configuration list for PBXProject "Orage" */ = {
			isa = XCConfigurationList;
			buildConfigurations = (
				C01FCF4F08A954540054247B /* Debug */,
				C01FCF5008A954540054247B /* Release */,
			);
			defaultConfigurationIsVisible = 0;
			defaultConfigurationName = Release;
		};
/* End XCConfigurationList section */
	};
	rootObject = 29B97313FDCFA39411CA2CEA /* Project object */;
}
