// !$*UTF8*$!
{
	archiveVersion = 1;
	classes = {
	};
	objectVersion = 48;
	objects = {

/* Begin PBXFileReference section */
		88BD0BA62708A75E0064A7A0 /* obj */ = {isa = PBXFileReference; lastKnownFileType = folder; path = obj; sourceTree = "<group>"; };
		88BD0BA72708A75E0064A7A0 /* .DS_Store */ = {isa = PBXFileReference; lastKnownFileType = file; path = .DS_Store; sourceTree = "<group>"; };
		88BD0BA82708A75E0064A7A0 /* macos_universal_binary.sh */ = {isa = PBXFileReference; lastKnownFileType = text.script.sh; path = macos_universal_binary.sh; sourceTree = "<group>"; };
		88BD0BA92708A75E0064A7A0 /* Makefile */ = {isa = PBXFileReference; lastKnownFileType = sourcecode.make; path = Makefile; sourceTree = "<group>"; };
		88BD0BAA2708A75E0064A7A0 /* include */ = {isa = PBXFileReference; lastKnownFileType = folder; path = include; sourceTree = "<group>"; };
		88BD0BAB2708A75E0064A7A0 /* VVISF.xcodeproj */ = {isa = PBXFileReference; lastKnownFileType = "wrapper.pb-project"; path = VVISF.xcodeproj; sourceTree = "<group>"; };
		88BD0BAE2708A75E0064A7A0 /* src */ = {isa = PBXFileReference; lastKnownFileType = folder; path = src; sourceTree = "<group>"; };
/* End PBXFileReference section */

/* Begin PBXGroup section */
		88BD0BA02708A75E0064A7A0 = {
			isa = PBXGroup;
			children = (
				88BD0BA62708A75E0064A7A0 /* obj */,
				88BD0BA72708A75E0064A7A0 /* .DS_Store */,
				88BD0BA82708A75E0064A7A0 /* macos_universal_binary.sh */,
				88BD0BA92708A75E0064A7A0 /* Makefile */,
				88BD0BAA2708A75E0064A7A0 /* include */,
				88BD0BAB2708A75E0064A7A0 /* VVISF.xcodeproj */,
				88BD0BAE2708A75E0064A7A0 /* src */,
			);
			sourceTree = "<group>";
		};
		88BD0BAC2708A75E0064A7A0 /* Products */ = {
			isa = PBXGroup;
			children = (
			);
			name = Products;
			sourceTree = "<group>";
		};
/* End PBXGroup section */

/* Begin PBXLegacyTarget section */
		88BD0BA52708A75E0064A7A0 /* VVISF */ = {
			isa = PBXLegacyTarget;
			buildArgumentsString = "$(ACTION)";
			buildConfigurationList = 88BD0BB02708A75E0064A7A0 /* Build configuration list for PBXLegacyTarget "VVISF" */;
			buildPhases = (
			);
			buildToolPath = /usr/bin/make;
			buildWorkingDirectory = "/Users/ogre/Forks/VVISF-GL/VVISF";
			dependencies = (
			);
			name = VVISF;
			passBuildSettingsInEnvironment = 1;
			productName = VVISF;
		};
/* End PBXLegacyTarget section */

/* Begin PBXProject section */
		88BD0BA12708A75E0064A7A0 /* Project object */ = {
			isa = PBXProject;
			attributes = {
			};
			buildConfigurationList = 88BD0BA42708A75E0064A7A0 /* Build configuration list for PBXProject "VVISF 2" */;
			compatibilityVersion = "Xcode 8.0";
			developmentRegion = en;
			hasScannedForEncodings = 0;
			knownRegions = (
				en,
			);
			mainGroup = 88BD0BA02708A75E0064A7A0;
			projectDirPath = "";
			projectReferences = (
				{
					ProductGroup = 88BD0BAC2708A75E0064A7A0 /* Products */;
					ProjectRef = 88BD0BAB2708A75E0064A7A0 /* VVISF.xcodeproj */;
				},
			);
			projectRoot = "";
			targets = (
				88BD0BA52708A75E0064A7A0 /* VVISF */,
			);
		};
/* End PBXProject section */

/* Begin XCBuildConfiguration section */
		88BD0BA22708A75E0064A7A0 /* Debug */ = {
			isa = XCBuildConfiguration;
			buildSettings = {
				ARCHS = "$(ARCHS_STANDARD_32_BIT)";
				COPY_PHASE_STRIP = NO;
				GCC_WARN_ABOUT_RETURN_TYPE = YES;
				GCC_WARN_UNUSED_VARIABLE = YES;
				ONLY_ACTIVE_ARCH = YES;
				SDKROOT = macosx10.6;
			};
			name = Debug;
		};
		88BD0BA32708A75E0064A7A0 /* Release */ = {
			isa = XCBuildConfiguration;
			buildSettings = {
				ARCHS = "$(ARCHS_STANDARD_32_BIT)";
				COPY_PHASE_STRIP = YES;
				GCC_WARN_ABOUT_RETURN_TYPE = YES;
				GCC_WARN_UNUSED_VARIABLE = YES;
				SDKROOT = macosx10.6;
			};
			name = Release;
		};
		88BD0BB12708A75E0064A7A0 /* Debug */ = {
			isa = XCBuildConfiguration;
			buildSettings = {
				COPY_PHASE_STRIP = NO;
				DEBUGGING_SYMBOLS = YES;
				GCC_DYNAMIC_NO_PIC = NO;
				GCC_ENABLE_FIX_AND_CONTINUE = YES;
				GCC_GENERATE_DEBUGGING_SYMBOLS = YES;
				GCC_OPTIMIZATION_LEVEL = 0;
				OTHER_CFLAGS = "";
				OTHER_LDFLAGS = "";
				PRODUCT_NAME = VVISF;
			};
			name = Debug;
		};
		88BD0BB22708A75E0064A7A0 /* Release */ = {
			isa = XCBuildConfiguration;
			buildSettings = {
				COPY_PHASE_STRIP = YES;
				DEBUG_INFORMATION_FORMAT = "dwarf-with-dsym";
				GCC_ENABLE_FIX_AND_CONTINUE = NO;
				OTHER_CFLAGS = "";
				OTHER_LDFLAGS = "";
				PRODUCT_NAME = VVISF;
			};
			name = Release;
		};
/* End XCBuildConfiguration section */

/* Begin XCConfigurationList section */
		88BD0BA42708A75E0064A7A0 /* Build configuration list for PBXProject "VVISF 2" */ = {
			isa = XCConfigurationList;
			buildConfigurations = (
				88BD0BA22708A75E0064A7A0 /* Debug */,
				88BD0BA32708A75E0064A7A0 /* Release */,
			);
			defaultConfigurationIsVisible = 0;
			defaultConfigurationName = Release;
		};
		88BD0BB02708A75E0064A7A0 /* Build configuration list for PBXLegacyTarget "VVISF" */ = {
			isa = XCConfigurationList;
			buildConfigurations = (
				88BD0BB12708A75E0064A7A0 /* Debug */,
				88BD0BB22708A75E0064A7A0 /* Release */,
			);
			defaultConfigurationIsVisible = 0;
			defaultConfigurationName = Release;
		};
/* End XCConfigurationList section */
	};
	rootObject = 88BD0BA12708A75E0064A7A0 /* Project object */;
}
