// !$*UTF8*$!
{
	archiveVersion = 1;
	classes = {
	};
	objectVersion = 48;
	objects = {

/* Begin PBXFileReference section */
		88BD0B942708A75E0064A7A0 /* macos_universal_binary.sh */ = {isa = PBXFileReference; lastKnownFileType = text.script.sh; path = macos_universal_binary.sh; sourceTree = "<group>"; };
		88BD0B952708A75E0064A7A0 /* Makefile */ = {isa = PBXFileReference; lastKnownFileType = sourcecode.make; path = Makefile; sourceTree = "<group>"; };
		88BD0B962708A75E0064A7A0 /* include */ = {isa = PBXFileReference; lastKnownFileType = folder; path = include; sourceTree = "<group>"; };
		88BD0B972708A75E0064A7A0 /* Doxyfile */ = {isa = PBXFileReference; lastKnownFileType = text; path = Doxyfile; sourceTree = "<group>"; };
		88BD0B982708A75E0064A7A0 /* VVGL.xcodeproj */ = {isa = PBXFileReference; lastKnownFileType = "wrapper.pb-project"; path = VVGL.xcodeproj; sourceTree = "<group>"; };
		88BD0B9B2708A75E0064A7A0 /* src */ = {isa = PBXFileReference; lastKnownFileType = folder; path = src; sourceTree = "<group>"; };
/* End PBXFileReference section */

/* Begin PBXGroup section */
		88BD0B8E2708A75E0064A7A0 = {
			isa = PBXGroup;
			children = (
				88BD0B942708A75E0064A7A0 /* macos_universal_binary.sh */,
				88BD0B952708A75E0064A7A0 /* Makefile */,
				88BD0B962708A75E0064A7A0 /* include */,
				88BD0B972708A75E0064A7A0 /* Doxyfile */,
				88BD0B982708A75E0064A7A0 /* VVGL.xcodeproj */,
				88BD0B9B2708A75E0064A7A0 /* src */,
			);
			sourceTree = "<group>";
		};
		88BD0B992708A75E0064A7A0 /* Products */ = {
			isa = PBXGroup;
			children = (
			);
			name = Products;
			sourceTree = "<group>";
		};
/* End PBXGroup section */

/* Begin PBXLegacyTarget section */
		88BD0B932708A75E0064A7A0 /* VVGL */ = {
			isa = PBXLegacyTarget;
			buildArgumentsString = "$(ACTION)";
			buildConfigurationList = 88BD0B9D2708A75E0064A7A0 /* Build configuration list for PBXLegacyTarget "VVGL" */;
			buildPhases = (
			);
			buildToolPath = /usr/bin/make;
			buildWorkingDirectory = "/Users/ogre/Forks/VVISF-GL/VVGL";
			dependencies = (
			);
			name = VVGL;
			passBuildSettingsInEnvironment = 1;
			productName = VVGL;
		};
/* End PBXLegacyTarget section */

/* Begin PBXProject section */
		88BD0B8F2708A75E0064A7A0 /* Project object */ = {
			isa = PBXProject;
			attributes = {
			};
			buildConfigurationList = 88BD0B922708A75E0064A7A0 /* Build configuration list for PBXProject "VVGL 2" */;
			compatibilityVersion = "Xcode 8.0";
			developmentRegion = en;
			hasScannedForEncodings = 0;
			knownRegions = (
				en,
			);
			mainGroup = 88BD0B8E2708A75E0064A7A0;
			projectDirPath = "";
			projectReferences = (
				{
					ProductGroup = 88BD0B992708A75E0064A7A0 /* Products */;
					ProjectRef = 88BD0B982708A75E0064A7A0 /* VVGL.xcodeproj */;
				},
			);
			projectRoot = "";
			targets = (
				88BD0B932708A75E0064A7A0 /* VVGL */,
			);
		};
/* End PBXProject section */

/* Begin XCBuildConfiguration section */
		88BD0B902708A75E0064A7A0 /* Debug */ = {
			isa = XCBuildConfiguration;
			buildSettings = {
				ARCHS = "$(ARCHS_STANDARD_32_BIT)";
				COPY_PHASE_STRIP = NO;
				GCC_WARN_ABOUT_RETURN_TYPE = YES;
				GCC_WARN_UNUSED_VARIABLE = YES;
				ONLY_ACTIVE_ARCH = YES;
				SDKROOT = macosx10.6;
			};
			name = Debug;
		};
		88BD0B912708A75E0064A7A0 /* Release */ = {
			isa = XCBuildConfiguration;
			buildSettings = {
				ARCHS = "$(ARCHS_STANDARD_32_BIT)";
				COPY_PHASE_STRIP = YES;
				GCC_WARN_ABOUT_RETURN_TYPE = YES;
				GCC_WARN_UNUSED_VARIABLE = YES;
				SDKROOT = macosx10.6;
			};
			name = Release;
		};
		88BD0B9E2708A75E0064A7A0 /* Debug */ = {
			isa = XCBuildConfiguration;
			buildSettings = {
				COPY_PHASE_STRIP = NO;
				DEBUGGING_SYMBOLS = YES;
				GCC_DYNAMIC_NO_PIC = NO;
				GCC_ENABLE_FIX_AND_CONTINUE = YES;
				GCC_GENERATE_DEBUGGING_SYMBOLS = YES;
				GCC_OPTIMIZATION_LEVEL = 0;
				OTHER_CFLAGS = "";
				OTHER_LDFLAGS = "";
				PRODUCT_NAME = VVGL;
			};
			name = Debug;
		};
		88BD0B9F2708A75E0064A7A0 /* Release */ = {
			isa = XCBuildConfiguration;
			buildSettings = {
				COPY_PHASE_STRIP = YES;
				DEBUG_INFORMATION_FORMAT = "dwarf-with-dsym";
				GCC_ENABLE_FIX_AND_CONTINUE = NO;
				OTHER_CFLAGS = "";
				OTHER_LDFLAGS = "";
				PRODUCT_NAME = VVGL;
			};
			name = Release;
		};
/* End XCBuildConfiguration section */

/* Begin XCConfigurationList section */
		88BD0B922708A75E0064A7A0 /* Build configuration list for PBXProject "VVGL 2" */ = {
			isa = XCConfigurationList;
			buildConfigurations = (
				88BD0B902708A75E0064A7A0 /* Debug */,
				88BD0B912708A75E0064A7A0 /* Release */,
			);
			defaultConfigurationIsVisible = 0;
			defaultConfigurationName = Release;
		};
		88BD0B9D2708A75E0064A7A0 /* Build configuration list for PBXLegacyTarget "VVGL" */ = {
			isa = XCConfigurationList;
			buildConfigurations = (
				88BD0B9E2708A75E0064A7A0 /* Debug */,
				88BD0B9F2708A75E0064A7A0 /* Release */,
			);
			defaultConfigurationIsVisible = 0;
			defaultConfigurationName = Release;
		};
/* End XCConfigurationList section */
	};
	rootObject = 88BD0B8F2708A75E0064A7A0 /* Project object */;
}
