// !$*UTF8*$!
{
	archiveVersion = 1;
	classes = {
	};
	objectVersion = 48;
	objects = {

/* Begin PBXFileReference section */
		88F37CCA271897370095955A /* obj */ = {isa = PBXFileReference; lastKnownFileType = folder; path = obj; sourceTree = "<group>"; };
		88F37CCB271897370095955A /* .DS_Store */ = {isa = PBXFileReference; lastKnownFileType = file; path = .DS_Store; sourceTree = "<group>"; };
		88F37CCC271897370095955A /* macos_universal_binary.sh */ = {isa = PBXFileReference; lastKnownFileType = text.script.sh; path = macos_universal_binary.sh; sourceTree = "<group>"; };
		88F37CCD271897370095955A /* Makefile */ = {isa = PBXFileReference; lastKnownFileType = sourcecode.make; path = Makefile; sourceTree = "<group>"; };
		88F37CCE271897370095955A /* include */ = {isa = PBXFileReference; lastKnownFileType = folder; path = include; sourceTree = "<group>"; };
		88F37CCF271897370095955A /* VVISF.xcodeproj */ = {isa = PBXFileReference; lastKnownFileType = "wrapper.pb-project"; path = VVISF.xcodeproj; sourceTree = "<group>"; };
		88F37CD2271897370095955A /* VVISF 2.xcodeproj */ = {isa = PBXFileReference; lastKnownFileType = "wrapper.pb-project"; path = "VVISF 2.xcodeproj"; sourceTree = "<group>"; };
		88F37CD5271897370095955A /* src */ = {isa = PBXFileReference; lastKnownFileType = folder; path = src; sourceTree = "<group>"; };
/* End PBXFileReference section */

/* Begin PBXGroup section */
		88F37CC4271897360095955A = {
			isa = PBXGroup;
			children = (
				88F37CCA271897370095955A /* obj */,
				88F37CCB271897370095955A /* .DS_Store */,
				88F37CCC271897370095955A /* macos_universal_binary.sh */,
				88F37CCD271897370095955A /* Makefile */,
				88F37CCE271897370095955A /* include */,
				88F37CCF271897370095955A /* VVISF.xcodeproj */,
				88F37CD2271897370095955A /* VVISF 2.xcodeproj */,
				88F37CD5271897370095955A /* src */,
			);
			sourceTree = "<group>";
		};
		88F37CD0271897370095955A /* Products */ = {
			isa = PBXGroup;
			children = (
			);
			name = Products;
			sourceTree = "<group>";
		};
		88F37CD3271897370095955A /* Products */ = {
			isa = PBXGroup;
			children = (
			);
			name = Products;
			sourceTree = "<group>";
		};
/* End PBXGroup section */

/* Begin PBXLegacyTarget section */
		88F37CC9271897360095955A /* VVISF */ = {
			isa = PBXLegacyTarget;
			buildArgumentsString = "$(ACTION)";
			buildConfigurationList = 88F37CD9271897370095955A /* Build configuration list for PBXLegacyTarget "VVISF" */;
			buildPhases = (
			);
			buildToolPath = /usr/bin/make;
			buildWorkingDirectory = /Users/ogre/works/1202/ORAGE/src/Blocks/VVISF;
			dependencies = (
			);
			name = VVISF;
			passBuildSettingsInEnvironment = 1;
			productName = VVISF;
		};
/* End PBXLegacyTarget section */

/* Begin PBXProject section */
		88F37CC5271897360095955A /* Project object */ = {
			isa = PBXProject;
			attributes = {
			};
			buildConfigurationList = 88F37CC8271897360095955A /* Build configuration list for PBXProject "VVISF 3" */;
			compatibilityVersion = "Xcode 8.0";
			developmentRegion = en;
			hasScannedForEncodings = 0;
			knownRegions = (
				en,
			);
			mainGroup = 88F37CC4271897360095955A;
			projectDirPath = "";
			projectReferences = (
				{
					ProductGroup = 88F37CD3271897370095955A /* Products */;
					ProjectRef = 88F37CD2271897370095955A /* VVISF 2.xcodeproj */;
				},
				{
					ProductGroup = 88F37CD0271897370095955A /* Products */;
					ProjectRef = 88F37CCF271897370095955A /* VVISF.xcodeproj */;
				},
			);
			projectRoot = "";
			targets = (
				88F37CC9271897360095955A /* VVISF */,
			);
		};
/* End PBXProject section */

/* Begin XCBuildConfiguration section */
		88F37CC6271897360095955A /* Debug */ = {
			isa = XCBuildConfiguration;
			buildSettings = {
				ARCHS = "$(ARCHS_STANDARD_32_BIT)";
				COPY_PHASE_STRIP = NO;
				GCC_WARN_ABOUT_RETURN_TYPE = YES;
				GCC_WARN_UNUSED_VARIABLE = YES;
				ONLY_ACTIVE_ARCH = YES;
				SDKROOT = macosx10.6;
			};
			name = Debug;
		};
		88F37CC7271897360095955A /* Release */ = {
			isa = XCBuildConfiguration;
			buildSettings = {
				ARCHS = "$(ARCHS_STANDARD_32_BIT)";
				COPY_PHASE_STRIP = YES;
				GCC_WARN_ABOUT_RETURN_TYPE = YES;
				GCC_WARN_UNUSED_VARIABLE = YES;
				SDKROOT = macosx10.6;
			};
			name = Release;
		};
		88F37CDA271897370095955A /* Debug */ = {
			isa = XCBuildConfiguration;
			buildSettings = {
				COPY_PHASE_STRIP = NO;
				DEBUGGING_SYMBOLS = YES;
				GCC_DYNAMIC_NO_PIC = NO;
				GCC_ENABLE_FIX_AND_CONTINUE = YES;
				GCC_GENERATE_DEBUGGING_SYMBOLS = YES;
				GCC_OPTIMIZATION_LEVEL = 0;
				OTHER_CFLAGS = "";
				OTHER_LDFLAGS = "";
				PRODUCT_NAME = VVISF;
			};
			name = Debug;
		};
		88F37CDB271897370095955A /* Release */ = {
			isa = XCBuildConfiguration;
			buildSettings = {
				COPY_PHASE_STRIP = YES;
				DEBUG_INFORMATION_FORMAT = "dwarf-with-dsym";
				GCC_ENABLE_FIX_AND_CONTINUE = NO;
				OTHER_CFLAGS = "";
				OTHER_LDFLAGS = "";
				PRODUCT_NAME = VVISF;
			};
			name = Release;
		};
/* End XCBuildConfiguration section */

/* Begin XCConfigurationList section */
		88F37CC8271897360095955A /* Build configuration list for PBXProject "VVISF 3" */ = {
			isa = XCConfigurationList;
			buildConfigurations = (
				88F37CC6271897360095955A /* Debug */,
				88F37CC7271897360095955A /* Release */,
			);
			defaultConfigurationIsVisible = 0;
			defaultConfigurationName = Release;
		};
		88F37CD9271897370095955A /* Build configuration list for PBXLegacyTarget "VVISF" */ = {
			isa = XCConfigurationList;
			buildConfigurations = (
				88F37CDA271897370095955A /* Debug */,
				88F37CDB271897370095955A /* Release */,
			);
			defaultConfigurationIsVisible = 0;
			defaultConfigurationName = Release;
		};
/* End XCConfigurationList section */
	};
	rootObject = 88F37CC5271897360095955A /* Project object */;
}
