// !$*UTF8*$!
{
	archiveVersion = 1;
	classes = {
	};
	objectVersion = 48;
	objects = {

/* Begin PBXFileReference section */
		88019B662705D1890036EE04 /* obj */ = {isa = PBXFileReference; lastKnownFileType = folder; path = obj; sourceTree = "<group>"; };
		88019B672705D1890036EE04 /* .DS_Store */ = {isa = PBXFileReference; lastKnownFileType = file; path = .DS_Store; sourceTree = "<group>"; };
		88019B682705D1890036EE04 /* macos_universal_binary.sh */ = {isa = PBXFileReference; lastKnownFileType = text.script.sh; path = macos_universal_binary.sh; sourceTree = "<group>"; };
		88019B692705D1890036EE04 /* Makefile */ = {isa = PBXFileReference; lastKnownFileType = sourcecode.make; path = Makefile; sourceTree = "<group>"; };
		88019B6A2705D1890036EE04 /* include */ = {isa = PBXFileReference; lastKnownFileType = folder; path = include; sourceTree = "<group>"; };
		88019B6B2705D1890036EE04 /* src */ = {isa = PBXFileReference; lastKnownFileType = folder; path = src; sourceTree = "<group>"; };
/* End PBXFileReference section */

/* Begin PBXGroup section */
		88019B602705D1890036EE04 = {
			isa = PBXGroup;
			children = (
				88019B662705D1890036EE04 /* obj */,
				88019B672705D1890036EE04 /* .DS_Store */,
				88019B682705D1890036EE04 /* macos_universal_binary.sh */,
				88019B692705D1890036EE04 /* Makefile */,
				88019B6A2705D1890036EE04 /* include */,
				88019B6B2705D1890036EE04 /* src */,
			);
			sourceTree = "<group>";
		};
/* End PBXGroup section */

/* Begin PBXLegacyTarget section */
		88019B652705D1890036EE04 /* VVISF */ = {
			isa = PBXLegacyTarget;
			buildArgumentsString = "$(ACTION)";
			buildConfigurationList = 88019B6C2705D1890036EE04 /* Build configuration list for PBXLegacyTarget "VVISF" */;
			buildPhases = (
			);
			buildToolPath = /usr/bin/make;
			buildWorkingDirectory = "/Users/ogre/Forks/VVISF-GL/VVISF";
			dependencies = (
			);
			name = VVISF;
			passBuildSettingsInEnvironment = 1;
			productName = VVISF;
		};
/* End PBXLegacyTarget section */

/* Begin PBXProject section */
		88019B612705D1890036EE04 /* Project object */ = {
			isa = PBXProject;
			attributes = {
			};
			buildConfigurationList = 88019B642705D1890036EE04 /* Build configuration list for PBXProject "VVISF" */;
			compatibilityVersion = "Xcode 8.0";
			developmentRegion = en;
			hasScannedForEncodings = 0;
			knownRegions = (
				en,
			);
			mainGroup = 88019B602705D1890036EE04;
			projectDirPath = "";
			projectRoot = "";
			targets = (
				88019B652705D1890036EE04 /* VVISF */,
			);
		};
/* End PBXProject section */

/* Begin XCBuildConfiguration section */
		88019B622705D1890036EE04 /* Debug */ = {
			isa = XCBuildConfiguration;
			buildSettings = {
				ARCHS = "$(ARCHS_STANDARD_32_BIT)";
				COPY_PHASE_STRIP = NO;
				GCC_WARN_ABOUT_RETURN_TYPE = YES;
				GCC_WARN_UNUSED_VARIABLE = YES;
				ONLY_ACTIVE_ARCH = YES;
				SDKROOT = macosx10.6;
			};
			name = Debug;
		};
		88019B632705D1890036EE04 /* Release */ = {
			isa = XCBuildConfiguration;
			buildSettings = {
				ARCHS = "$(ARCHS_STANDARD_32_BIT)";
				COPY_PHASE_STRIP = YES;
				GCC_WARN_ABOUT_RETURN_TYPE = YES;
				GCC_WARN_UNUSED_VARIABLE = YES;
				SDKROOT = macosx10.6;
			};
			name = Release;
		};
		88019B6D2705D1890036EE04 /* Debug */ = {
			isa = XCBuildConfiguration;
			buildSettings = {
				COPY_PHASE_STRIP = NO;
				DEBUGGING_SYMBOLS = YES;
				GCC_DYNAMIC_NO_PIC = NO;
				GCC_ENABLE_FIX_AND_CONTINUE = YES;
				GCC_GENERATE_DEBUGGING_SYMBOLS = YES;
				GCC_OPTIMIZATION_LEVEL = 0;
				OTHER_CFLAGS = "";
				OTHER_LDFLAGS = "";
				PRODUCT_NAME = VVISF;
			};
			name = Debug;
		};
		88019B6E2705D1890036EE04 /* Release */ = {
			isa = XCBuildConfiguration;
			buildSettings = {
				COPY_PHASE_STRIP = YES;
				DEBUG_INFORMATION_FORMAT = "dwarf-with-dsym";
				GCC_ENABLE_FIX_AND_CONTINUE = NO;
				OTHER_CFLAGS = "";
				OTHER_LDFLAGS = "";
				PRODUCT_NAME = VVISF;
			};
			name = Release;
		};
/* End XCBuildConfiguration section */

/* Begin XCConfigurationList section */
		88019B642705D1890036EE04 /* Build configuration list for PBXProject "VVISF" */ = {
			isa = XCConfigurationList;
			buildConfigurations = (
				88019B622705D1890036EE04 /* Debug */,
				88019B632705D1890036EE04 /* Release */,
			);
			defaultConfigurationIsVisible = 0;
			defaultConfigurationName = Release;
		};
		88019B6C2705D1890036EE04 /* Build configuration list for PBXLegacyTarget "VVISF" */ = {
			isa = XCConfigurationList;
			buildConfigurations = (
				88019B6D2705D1890036EE04 /* Debug */,
				88019B6E2705D1890036EE04 /* Release */,
			);
			defaultConfigurationIsVisible = 0;
			defaultConfigurationName = Release;
		};
/* End XCConfigurationList section */
	};
	rootObject = 88019B612705D1890036EE04 /* Project object */;
}
